// !$*UTF8*$!
{
	archiveVersion = 1;
	classes = {
	};
	objectVersion = 46;
	objects = {

/* Begin PBXBuildFile section */
		CCA16B141EE820AC00E52145 /* main.m in Sources */ = {isa = PBXBuildFile; fileRef = CCA16B131EE820AC00E52145 /* main.m */; };
		CCA16B171EE820AC00E52145 /* AppDelegate.m in Sources */ = {isa = PBXBuildFile; fileRef = CCA16B161EE820AC00E52145 /* AppDelegate.m */; };
		CCA16B1F1EE820AC00E52145 /* Assets.xcassets in Resources */ = {isa = PBXBuildFile; fileRef = CCA16B1E1EE820AC00E52145 /* Assets.xcassets */; };
		CCA16B331EE83FCC00E52145 /* libiconv.tbd in Frameworks */ = {isa = PBXBuildFile; fileRef = CCA16B321EE83FCC00E52145 /* libiconv.tbd */; };
		CCA66E3C1EF2FD5F00202AB0 /* images.jpg in Resources */ = {isa = PBXBuildFile; fileRef = CCA66E3B1EF2FD5F00202AB0 /* images.jpg */; };
		CCA66E791EF2FF2500202AB0 /* ImageViewController.java in Sources */ = {isa = PBXBuildFile; fileRef = CCA66E3F1EF2FF2500202AB0 /* ImageViewController.java */; };
		CCA66E7A1EF2FF2500202AB0 /* MainViewController.java in Sources */ = {isa = PBXBuildFile; fileRef = CCA66E401EF2FF2500202AB0 /* MainViewController.java */; };
		CCA66E7B1EF2FF2500202AB0 /* MainViewController2.java in Sources */ = {isa = PBXBuildFile; fileRef = CCA66E411EF2FF2500202AB0 /* MainViewController2.java */; };
		CCA66E7C1EF2FF2500202AB0 /* SliderViewController.java in Sources */ = {isa = PBXBuildFile; fileRef = CCA66E421EF2FF2500202AB0 /* SliderViewController.java */; };
		CCA66E7D1EF2FF2500202AB0 /* CGPoint.java in Sources */ = {isa = PBXBuildFile; fileRef = CCA66E481EF2FF2500202AB0 /* CGPoint.java */; };
		CCA66E7E1EF2FF2500202AB0 /* CGRect.java in Sources */ = {isa = PBXBuildFile; fileRef = CCA66E491EF2FF2500202AB0 /* CGRect.java */; };
		CCA66E7F1EF2FF2500202AB0 /* CGSize.java in Sources */ = {isa = PBXBuildFile; fileRef = CCA66E4A1EF2FF2500202AB0 /* CGSize.java */; };
		CCA66E801EF2FF2500202AB0 /* NSError.java in Sources */ = {isa = PBXBuildFile; fileRef = CCA66E4C1EF2FF2500202AB0 /* NSError.java */; };
		CCA66E811EF2FF2500202AB0 /* NSObject.java in Sources */ = {isa = PBXBuildFile; fileRef = CCA66E4D1EF2FF2500202AB0 /* NSObject.java */; };
		CCA66E821EF2FF2500202AB0 /* NSObjectArray.java in Sources */ = {isa = PBXBuildFile; fileRef = CCA66E4E1EF2FF2500202AB0 /* NSObjectArray.java */; };
		CCA66E831EF2FF2500202AB0 /* NSURL.java in Sources */ = {isa = PBXBuildFile; fileRef = CCA66E4F1EF2FF2500202AB0 /* NSURL.java */; };
		CCA66E841EF2FF2500202AB0 /* NSURLRequest.java in Sources */ = {isa = PBXBuildFile; fileRef = CCA66E501EF2FF2500202AB0 /* NSURLRequest.java */; };
		CCA66E851EF2FF2500202AB0 /* NSLayoutConstraint.java in Sources */ = {isa = PBXBuildFile; fileRef = CCA66E521EF2FF2500202AB0 /* NSLayoutConstraint.java */; };
		CCA66E861EF2FF2500202AB0 /* NSLayoutConstraintArray.java in Sources */ = {isa = PBXBuildFile; fileRef = CCA66E531EF2FF2500202AB0 /* NSLayoutConstraintArray.java */; };
		CCA66E871EF2FF2500202AB0 /* NSLayoutDimension.java in Sources */ = {isa = PBXBuildFile; fileRef = CCA66E541EF2FF2500202AB0 /* NSLayoutDimension.java */; };
		CCA66E881EF2FF2500202AB0 /* NSLayoutXAxisAnchor.java in Sources */ = {isa = PBXBuildFile; fileRef = CCA66E551EF2FF2500202AB0 /* NSLayoutXAxisAnchor.java */; };
		CCA66E891EF2FF2500202AB0 /* NSLayoutYAxisAnchor.java in Sources */ = {isa = PBXBuildFile; fileRef = CCA66E561EF2FF2500202AB0 /* NSLayoutYAxisAnchor.java */; };
		CCA66E8A1EF2FF2500202AB0 /* UIButton.java in Sources */ = {isa = PBXBuildFile; fileRef = CCA66E571EF2FF2500202AB0 /* UIButton.java */; };
		CCA66E8B1EF2FF2500202AB0 /* UIColor.java in Sources */ = {isa = PBXBuildFile; fileRef = CCA66E581EF2FF2500202AB0 /* UIColor.java */; };
		CCA66E8C1EF2FF2500202AB0 /* UIControl.java in Sources */ = {isa = PBXBuildFile; fileRef = CCA66E591EF2FF2500202AB0 /* UIControl.java */; };
		CCA66E8D1EF2FF2500202AB0 /* UIControlEvents.java in Sources */ = {isa = PBXBuildFile; fileRef = CCA66E5A1EF2FF2500202AB0 /* UIControlEvents.java */; };
		CCA66E8E1EF2FF2500202AB0 /* UIControlState.java in Sources */ = {isa = PBXBuildFile; fileRef = CCA66E5B1EF2FF2500202AB0 /* UIControlState.java */; };
		CCA66E8F1EF2FF2500202AB0 /* UIEvent.java in Sources */ = {isa = PBXBuildFile; fileRef = CCA66E5C1EF2FF2500202AB0 /* UIEvent.java */; };
		CCA66E901EF2FF2500202AB0 /* UIEventHandler.java in Sources */ = {isa = PBXBuildFile; fileRef = CCA66E5D1EF2FF2500202AB0 /* UIEventHandler.java */; };
		CCA66E911EF2FF2500202AB0 /* UIImage.java in Sources */ = {isa = PBXBuildFile; fileRef = CCA66E5E1EF2FF2500202AB0 /* UIImage.java */; };
		CCA66E921EF2FF2500202AB0 /* UIImageView.java in Sources */ = {isa = PBXBuildFile; fileRef = CCA66E5F1EF2FF2500202AB0 /* UIImageView.java */; };
		CCA66E931EF2FF2500202AB0 /* UILabel.java in Sources */ = {isa = PBXBuildFile; fileRef = CCA66E601EF2FF2500202AB0 /* UILabel.java */; };
		CCA66E941EF2FF2500202AB0 /* UIResponder.java in Sources */ = {isa = PBXBuildFile; fileRef = CCA66E611EF2FF2500202AB0 /* UIResponder.java */; };
		CCA66E951EF2FF2500202AB0 /* UISlider.java in Sources */ = {isa = PBXBuildFile; fileRef = CCA66E621EF2FF2500202AB0 /* UISlider.java */; };
		CCA66E961EF2FF2500202AB0 /* UIStepper.java in Sources */ = {isa = PBXBuildFile; fileRef = CCA66E631EF2FF2500202AB0 /* UIStepper.java */; };
		CCA66E971EF2FF2500202AB0 /* UISwitch.java in Sources */ = {isa = PBXBuildFile; fileRef = CCA66E641EF2FF2500202AB0 /* UISwitch.java */; };
		CCA66E981EF2FF2500202AB0 /* UITextField.java in Sources */ = {isa = PBXBuildFile; fileRef = CCA66E651EF2FF2500202AB0 /* UITextField.java */; };
		CCA66E991EF2FF2500202AB0 /* UIView.java in Sources */ = {isa = PBXBuildFile; fileRef = CCA66E661EF2FF2500202AB0 /* UIView.java */; };
		CCA66E9A1EF2FF2500202AB0 /* UIViewArray.java in Sources */ = {isa = PBXBuildFile; fileRef = CCA66E671EF2FF2500202AB0 /* UIViewArray.java */; };
		CCA66E9B1EF2FF2500202AB0 /* UIViewAutoresizing.java in Sources */ = {isa = PBXBuildFile; fileRef = CCA66E681EF2FF2500202AB0 /* UIViewAutoresizing.java */; };
		CCA66E9C1EF2FF2500202AB0 /* UIViewContentMode.java in Sources */ = {isa = PBXBuildFile; fileRef = CCA66E691EF2FF2500202AB0 /* UIViewContentMode.java */; };
		CCA66E9D1EF2FF2500202AB0 /* UIViewController.java in Sources */ = {isa = PBXBuildFile; fileRef = CCA66E6A1EF2FF2500202AB0 /* UIViewController.java */; };
		CCA66E9E1EF2FF2500202AB0 /* UIViewControllerBase.m in Sources */ = {isa = PBXBuildFile; fileRef = CCA66E6C1EF2FF2500202AB0 /* UIViewControllerBase.m */; };
		CCA66E9F1EF2FF2500202AB0 /* WKFrameInfo.java in Sources */ = {isa = PBXBuildFile; fileRef = CCA66E6E1EF2FF2500202AB0 /* WKFrameInfo.java */; };
		CCA66EA01EF2FF2500202AB0 /* WKNavigation.java in Sources */ = {isa = PBXBuildFile; fileRef = CCA66E6F1EF2FF2500202AB0 /* WKNavigation.java */; };
		CCA66EA11EF2FF2500202AB0 /* WKNavigationAction.java in Sources */ = {isa = PBXBuildFile; fileRef = CCA66E701EF2FF2500202AB0 /* WKNavigationAction.java */; };
		CCA66EA21EF2FF2500202AB0 /* WKNavigationActionPolicy.java in Sources */ = {isa = PBXBuildFile; fileRef = CCA66E711EF2FF2500202AB0 /* WKNavigationActionPolicy.java */; };
		CCA66EA31EF2FF2500202AB0 /* WKNavigationDelegate.java in Sources */ = {isa = PBXBuildFile; fileRef = CCA66E721EF2FF2500202AB0 /* WKNavigationDelegate.java */; };
		CCA66EA41EF2FF2500202AB0 /* WKNavigationResponse.java in Sources */ = {isa = PBXBuildFile; fileRef = CCA66E731EF2FF2500202AB0 /* WKNavigationResponse.java */; };
		CCA66EA51EF2FF2500202AB0 /* WKNavigationResponsePolicy.java in Sources */ = {isa = PBXBuildFile; fileRef = CCA66E741EF2FF2500202AB0 /* WKNavigationResponsePolicy.java */; };
		CCA66EA61EF2FF2500202AB0 /* WKSecurityOrigin.java in Sources */ = {isa = PBXBuildFile; fileRef = CCA66E751EF2FF2500202AB0 /* WKSecurityOrigin.java */; };
		CCA66EA71EF2FF2500202AB0 /* WKUIDelegate.java in Sources */ = {isa = PBXBuildFile; fileRef = CCA66E761EF2FF2500202AB0 /* WKUIDelegate.java */; };
		CCA66EA81EF2FF2500202AB0 /* WKWebView.java in Sources */ = {isa = PBXBuildFile; fileRef = CCA66E771EF2FF2500202AB0 /* WKWebView.java */; };
		CCA66EA91EF2FF2500202AB0 /* WKWebViewConfiguration.java in Sources */ = {isa = PBXBuildFile; fileRef = CCA66E781EF2FF2500202AB0 /* WKWebViewConfiguration.java */; };
/* End PBXBuildFile section */

/* Begin PBXBuildRule section */
		CCA16B291EE82D5100E52145 /* PBXBuildRule */ = {
			isa = PBXBuildRule;
			compilerSpec = com.apple.compilers.proxy.script;
			fileType = sourcecode.java;
			isEditable = 1;
			outputFiles = (
				"${DERIVED_FILE_DIR}/${INPUT_FILE_BASE}.h",
				"${DERIVED_FILE_DIR}/${INPUT_FILE_BASE}.m",
			);
			script = "if [ ! -f \"${J2OBJC_HOME}/j2objc\" ]; then echo \"J2OBJC_HOME is not correctly defined, currently set to '${J2OBJC_HOME}'\"; exit 1; fi;\n\"${J2OBJC_HOME}/j2objc\" -d ${DERIVED_FILES_DIR} -sourcepath ../src --no-package-directories -g ${INPUT_FILE_PATH};";
		};
/* End PBXBuildRule section */

/* Begin PBXFileReference section */
		CCA16B0F1EE820AC00E52145 /* j2objc.app */ = {isa = PBXFileReference; explicitFileType = wrapper.application; includeInIndex = 0; path = j2objc.app; sourceTree = BUILT_PRODUCTS_DIR; };
		CCA16B131EE820AC00E52145 /* main.m */ = {isa = PBXFileReference; lastKnownFileType = sourcecode.c.objc; path = main.m; sourceTree = "<group>"; };
		CCA16B151EE820AC00E52145 /* AppDelegate.h */ = {isa = PBXFileReference; lastKnownFileType = sourcecode.c.h; path = AppDelegate.h; sourceTree = "<group>"; };
		CCA16B161EE820AC00E52145 /* AppDelegate.m */ = {isa = PBXFileReference; lastKnownFileType = sourcecode.c.objc; path = AppDelegate.m; sourceTree = "<group>"; };
		CCA16B1E1EE820AC00E52145 /* Assets.xcassets */ = {isa = PBXFileReference; lastKnownFileType = folder.assetcatalog; path = Assets.xcassets; sourceTree = "<group>"; };
		CCA16B231EE820AC00E52145 /* Info.plist */ = {isa = PBXFileReference; lastKnownFileType = text.plist.xml; path = Info.plist; sourceTree = "<group>"; };
		CCA16B321EE83FCC00E52145 /* libiconv.tbd */ = {isa = PBXFileReference; lastKnownFileType = "sourcecode.text-based-dylib-definition"; name = libiconv.tbd; path = usr/lib/libiconv.tbd; sourceTree = SDKROOT; };
		CCA66E3B1EF2FD5F00202AB0 /* images.jpg */ = {isa = PBXFileReference; lastKnownFileType = image.jpeg; name = images.jpg; path = ../../../../Pictures/images.jpg; sourceTree = "<group>"; };
		CCA66E3F1EF2FF2500202AB0 /* ImageViewController.java */ = {isa = PBXFileReference; fileEncoding = 4; lastKnownFileType = sourcecode.java; path = ImageViewController.java; sourceTree = "<group>"; };
		CCA66E401EF2FF2500202AB0 /* MainViewController.java */ = {isa = PBXFileReference; fileEncoding = 4; lastKnownFileType = sourcecode.java; path = MainViewController.java; sourceTree = "<group>"; };
		CCA66E411EF2FF2500202AB0 /* MainViewController2.java */ = {isa = PBXFileReference; fileEncoding = 4; lastKnownFileType = sourcecode.java; path = MainViewController2.java; sourceTree = "<group>"; };
		CCA66E421EF2FF2500202AB0 /* SliderViewController.java */ = {isa = PBXFileReference; fileEncoding = 4; lastKnownFileType = sourcecode.java; path = SliderViewController.java; sourceTree = "<group>"; };
		CCA66E481EF2FF2500202AB0 /* CGPoint.java */ = {isa = PBXFileReference; fileEncoding = 4; lastKnownFileType = sourcecode.java; path = CGPoint.java; sourceTree = "<group>"; };
		CCA66E491EF2FF2500202AB0 /* CGRect.java */ = {isa = PBXFileReference; fileEncoding = 4; lastKnownFileType = sourcecode.java; path = CGRect.java; sourceTree = "<group>"; };
		CCA66E4A1EF2FF2500202AB0 /* CGSize.java */ = {isa = PBXFileReference; fileEncoding = 4; lastKnownFileType = sourcecode.java; path = CGSize.java; sourceTree = "<group>"; };
		CCA66E4C1EF2FF2500202AB0 /* NSError.java */ = {isa = PBXFileReference; fileEncoding = 4; lastKnownFileType = sourcecode.java; path = NSError.java; sourceTree = "<group>"; };
		CCA66E4D1EF2FF2500202AB0 /* NSObject.java */ = {isa = PBXFileReference; fileEncoding = 4; lastKnownFileType = sourcecode.java; path = NSObject.java; sourceTree = "<group>"; };
		CCA66E4E1EF2FF2500202AB0 /* NSObjectArray.java */ = {isa = PBXFileReference; fileEncoding = 4; lastKnownFileType = sourcecode.java; path = NSObjectArray.java; sourceTree = "<group>"; };
		CCA66E4F1EF2FF2500202AB0 /* NSURL.java */ = {isa = PBXFileReference; fileEncoding = 4; lastKnownFileType = sourcecode.java; path = NSURL.java; sourceTree = "<group>"; };
		CCA66E501EF2FF2500202AB0 /* NSURLRequest.java */ = {isa = PBXFileReference; fileEncoding = 4; lastKnownFileType = sourcecode.java; path = NSURLRequest.java; sourceTree = "<group>"; };
		CCA66E521EF2FF2500202AB0 /* NSLayoutConstraint.java */ = {isa = PBXFileReference; fileEncoding = 4; lastKnownFileType = sourcecode.java; path = NSLayoutConstraint.java; sourceTree = "<group>"; };
		CCA66E531EF2FF2500202AB0 /* NSLayoutConstraintArray.java */ = {isa = PBXFileReference; fileEncoding = 4; lastKnownFileType = sourcecode.java; path = NSLayoutConstraintArray.java; sourceTree = "<group>"; };
		CCA66E541EF2FF2500202AB0 /* NSLayoutDimension.java */ = {isa = PBXFileReference; fileEncoding = 4; lastKnownFileType = sourcecode.java; path = NSLayoutDimension.java; sourceTree = "<group>"; };
		CCA66E551EF2FF2500202AB0 /* NSLayoutXAxisAnchor.java */ = {isa = PBXFileReference; fileEncoding = 4; lastKnownFileType = sourcecode.java; path = NSLayoutXAxisAnchor.java; sourceTree = "<group>"; };
		CCA66E561EF2FF2500202AB0 /* NSLayoutYAxisAnchor.java */ = {isa = PBXFileReference; fileEncoding = 4; lastKnownFileType = sourcecode.java; path = NSLayoutYAxisAnchor.java; sourceTree = "<group>"; };
		CCA66E571EF2FF2500202AB0 /* UIButton.java */ = {isa = PBXFileReference; fileEncoding = 4; lastKnownFileType = sourcecode.java; path = UIButton.java; sourceTree = "<group>"; };
		CCA66E581EF2FF2500202AB0 /* UIColor.java */ = {isa = PBXFileReference; fileEncoding = 4; lastKnownFileType = sourcecode.java; path = UIColor.java; sourceTree = "<group>"; };
		CCA66E591EF2FF2500202AB0 /* UIControl.java */ = {isa = PBXFileReference; fileEncoding = 4; lastKnownFileType = sourcecode.java; path = UIControl.java; sourceTree = "<group>"; };
		CCA66E5A1EF2FF2500202AB0 /* UIControlEvents.java */ = {isa = PBXFileReference; fileEncoding = 4; lastKnownFileType = sourcecode.java; path = UIControlEvents.java; sourceTree = "<group>"; };
		CCA66E5B1EF2FF2500202AB0 /* UIControlState.java */ = {isa = PBXFileReference; fileEncoding = 4; lastKnownFileType = sourcecode.java; path = UIControlState.java; sourceTree = "<group>"; };
		CCA66E5C1EF2FF2500202AB0 /* UIEvent.java */ = {isa = PBXFileReference; fileEncoding = 4; lastKnownFileType = sourcecode.java; path = UIEvent.java; sourceTree = "<group>"; };
		CCA66E5D1EF2FF2500202AB0 /* UIEventHandler.java */ = {isa = PBXFileReference; fileEncoding = 4; lastKnownFileType = sourcecode.java; path = UIEventHandler.java; sourceTree = "<group>"; };
		CCA66E5E1EF2FF2500202AB0 /* UIImage.java */ = {isa = PBXFileReference; fileEncoding = 4; lastKnownFileType = sourcecode.java; path = UIImage.java; sourceTree = "<group>"; };
		CCA66E5F1EF2FF2500202AB0 /* UIImageView.java */ = {isa = PBXFileReference; fileEncoding = 4; lastKnownFileType = sourcecode.java; path = UIImageView.java; sourceTree = "<group>"; };
		CCA66E601EF2FF2500202AB0 /* UILabel.java */ = {isa = PBXFileReference; fileEncoding = 4; lastKnownFileType = sourcecode.java; path = UILabel.java; sourceTree = "<group>"; };
		CCA66E611EF2FF2500202AB0 /* UIResponder.java */ = {isa = PBXFileReference; fileEncoding = 4; lastKnownFileType = sourcecode.java; path = UIResponder.java; sourceTree = "<group>"; };
		CCA66E621EF2FF2500202AB0 /* UISlider.java */ = {isa = PBXFileReference; fileEncoding = 4; lastKnownFileType = sourcecode.java; path = UISlider.java; sourceTree = "<group>"; };
		CCA66E631EF2FF2500202AB0 /* UIStepper.java */ = {isa = PBXFileReference; fileEncoding = 4; lastKnownFileType = sourcecode.java; path = UIStepper.java; sourceTree = "<group>"; };
		CCA66E641EF2FF2500202AB0 /* UISwitch.java */ = {isa = PBXFileReference; fileEncoding = 4; lastKnownFileType = sourcecode.java; path = UISwitch.java; sourceTree = "<group>"; };
		CCA66E651EF2FF2500202AB0 /* UITextField.java */ = {isa = PBXFileReference; fileEncoding = 4; lastKnownFileType = sourcecode.java; path = UITextField.java; sourceTree = "<group>"; };
		CCA66E661EF2FF2500202AB0 /* UIView.java */ = {isa = PBXFileReference; fileEncoding = 4; lastKnownFileType = sourcecode.java; path = UIView.java; sourceTree = "<group>"; };
		CCA66E671EF2FF2500202AB0 /* UIViewArray.java */ = {isa = PBXFileReference; fileEncoding = 4; lastKnownFileType = sourcecode.java; path = UIViewArray.java; sourceTree = "<group>"; };
		CCA66E681EF2FF2500202AB0 /* UIViewAutoresizing.java */ = {isa = PBXFileReference; fileEncoding = 4; lastKnownFileType = sourcecode.java; path = UIViewAutoresizing.java; sourceTree = "<group>"; };
		CCA66E691EF2FF2500202AB0 /* UIViewContentMode.java */ = {isa = PBXFileReference; fileEncoding = 4; lastKnownFileType = sourcecode.java; path = UIViewContentMode.java; sourceTree = "<group>"; };
		CCA66E6A1EF2FF2500202AB0 /* UIViewController.java */ = {isa = PBXFileReference; fileEncoding = 4; lastKnownFileType = sourcecode.java; path = UIViewController.java; sourceTree = "<group>"; };
		CCA66E6B1EF2FF2500202AB0 /* UIViewControllerBase.h */ = {isa = PBXFileReference; fileEncoding = 4; lastKnownFileType = sourcecode.c.h; path = UIViewControllerBase.h; sourceTree = "<group>"; };
		CCA66E6C1EF2FF2500202AB0 /* UIViewControllerBase.m */ = {isa = PBXFileReference; fileEncoding = 4; lastKnownFileType = sourcecode.c.objc; path = UIViewControllerBase.m; sourceTree = "<group>"; };
		CCA66E6E1EF2FF2500202AB0 /* WKFrameInfo.java */ = {isa = PBXFileReference; fileEncoding = 4; lastKnownFileType = sourcecode.java; path = WKFrameInfo.java; sourceTree = "<group>"; };
		CCA66E6F1EF2FF2500202AB0 /* WKNavigation.java */ = {isa = PBXFileReference; fileEncoding = 4; lastKnownFileType = sourcecode.java; path = WKNavigation.java; sourceTree = "<group>"; };
		CCA66E701EF2FF2500202AB0 /* WKNavigationAction.java */ = {isa = PBXFileReference; fileEncoding = 4; lastKnownFileType = sourcecode.java; path = WKNavigationAction.java; sourceTree = "<group>"; };
		CCA66E711EF2FF2500202AB0 /* WKNavigationActionPolicy.java */ = {isa = PBXFileReference; fileEncoding = 4; lastKnownFileType = sourcecode.java; path = WKNavigationActionPolicy.java; sourceTree = "<group>"; };
		CCA66E721EF2FF2500202AB0 /* WKNavigationDelegate.java */ = {isa = PBXFileReference; fileEncoding = 4; lastKnownFileType = sourcecode.java; path = WKNavigationDelegate.java; sourceTree = "<group>"; };
		CCA66E731EF2FF2500202AB0 /* WKNavigationResponse.java */ = {isa = PBXFileReference; fileEncoding = 4; lastKnownFileType = sourcecode.java; path = WKNavigationResponse.java; sourceTree = "<group>"; };
		CCA66E741EF2FF2500202AB0 /* WKNavigationResponsePolicy.java */ = {isa = PBXFileReference; fileEncoding = 4; lastKnownFileType = sourcecode.java; path = WKNavigationResponsePolicy.java; sourceTree = "<group>"; };
		CCA66E751EF2FF2500202AB0 /* WKSecurityOrigin.java */ = {isa = PBXFileReference; fileEncoding = 4; lastKnownFileType = sourcecode.java; path = WKSecurityOrigin.java; sourceTree = "<group>"; };
		CCA66E761EF2FF2500202AB0 /* WKUIDelegate.java */ = {isa = PBXFileReference; fileEncoding = 4; lastKnownFileType = sourcecode.java; path = WKUIDelegate.java; sourceTree = "<group>"; };
		CCA66E771EF2FF2500202AB0 /* WKWebView.java */ = {isa = PBXFileReference; fileEncoding = 4; lastKnownFileType = sourcecode.java; path = WKWebView.java; sourceTree = "<group>"; };
		CCA66E781EF2FF2500202AB0 /* WKWebViewConfiguration.java */ = {isa = PBXFileReference; fileEncoding = 4; lastKnownFileType = sourcecode.java; path = WKWebViewConfiguration.java; sourceTree = "<group>"; };
/* End PBXFileReference section */

/* Begin PBXFrameworksBuildPhase section */
		CCA16B0C1EE820AC00E52145 /* Frameworks */ = {
			isa = PBXFrameworksBuildPhase;
			buildActionMask = 2147483647;
			files = (
				CCA16B331EE83FCC00E52145 /* libiconv.tbd in Frameworks */,
			);
			runOnlyForDeploymentPostprocessing = 0;
		};
/* End PBXFrameworksBuildPhase section */

/* Begin PBXGroup section */
		CCA16B061EE820AC00E52145 = {
			isa = PBXGroup;
			children = (
				CCA16C0D1EE9186700E52145 /* java */,
				CCA16B111EE820AC00E52145 /* j2objc */,
				CCA66EAB1EF300DF00202AB0 /* resources */,
				CCA16B101EE820AC00E52145 /* Products */,
				CCA16B311EE83FCC00E52145 /* Frameworks */,
			);
			sourceTree = "<group>";
		};
		CCA16B101EE820AC00E52145 /* Products */ = {
			isa = PBXGroup;
			children = (
				CCA16B0F1EE820AC00E52145 /* j2objc.app */,
			);
			name = Products;
			sourceTree = "<group>";
		};
		CCA16B111EE820AC00E52145 /* j2objc */ = {
			isa = PBXGroup;
			children = (
				CCA16B151EE820AC00E52145 /* AppDelegate.h */,
				CCA16B161EE820AC00E52145 /* AppDelegate.m */,
				CCA16B1E1EE820AC00E52145 /* Assets.xcassets */,
				CCA16B231EE820AC00E52145 /* Info.plist */,
				CCA16B121EE820AC00E52145 /* Supporting Files */,
			);
			path = j2objc;
			sourceTree = "<group>";
		};
		CCA16B121EE820AC00E52145 /* Supporting Files */ = {
			isa = PBXGroup;
			children = (
				CCA16B131EE820AC00E52145 /* main.m */,
			);
			name = "Supporting Files";
			sourceTree = "<group>";
		};
		CCA16B311EE83FCC00E52145 /* Frameworks */ = {
			isa = PBXGroup;
			children = (
				CCA16B321EE83FCC00E52145 /* libiconv.tbd */,
			);
			name = Frameworks;
			sourceTree = "<group>";
		};
		CCA16C0D1EE9186700E52145 /* java */ = {
			isa = PBXGroup;
			children = (
				CCA66E3D1EF2FF2500202AB0 /* src */,
			);
			name = java;
			sourceTree = "<group>";
		};
		CCA66E3D1EF2FF2500202AB0 /* src */ = {
			isa = PBXGroup;
			children = (
				CCA66E3E1EF2FF2500202AB0 /* j2objc */,
				CCA66E431EF2FF2500202AB0 /* org */,
			);
			name = src;
			path = ../src;
			sourceTree = "<group>";
		};
		CCA66E3E1EF2FF2500202AB0 /* j2objc */ = {
			isa = PBXGroup;
			children = (
				CCA66E3F1EF2FF2500202AB0 /* ImageViewController.java */,
				CCA66E401EF2FF2500202AB0 /* MainViewController.java */,
				CCA66E411EF2FF2500202AB0 /* MainViewController2.java */,
				CCA66E421EF2FF2500202AB0 /* SliderViewController.java */,
			);
			path = j2objc;
			sourceTree = "<group>";
		};
		CCA66E431EF2FF2500202AB0 /* org */ = {
			isa = PBXGroup;
			children = (
				CCA66E441EF2FF2500202AB0 /* chamomile */,
			);
			path = org;
			sourceTree = "<group>";
		};
		CCA66E441EF2FF2500202AB0 /* chamomile */ = {
			isa = PBXGroup;
			children = (
				CCA66E451EF2FF2500202AB0 /* ios */,
			);
			path = chamomile;
			sourceTree = "<group>";
		};
		CCA66E451EF2FF2500202AB0 /* ios */ = {
			isa = PBXGroup;
			children = (
				CCA66E461EF2FF2500202AB0 /* core */,
				CCA66E4B1EF2FF2500202AB0 /* foundation */,
				CCA66E511EF2FF2500202AB0 /* uikit */,
				CCA66E6D1EF2FF2500202AB0 /* webkit */,
			);
			path = ios;
			sourceTree = "<group>";
		};
		CCA66E461EF2FF2500202AB0 /* core */ = {
			isa = PBXGroup;
			children = (
				CCA66E471EF2FF2500202AB0 /* graphics */,
			);
			path = core;
			sourceTree = "<group>";
		};
		CCA66E471EF2FF2500202AB0 /* graphics */ = {
			isa = PBXGroup;
			children = (
				CCA66E481EF2FF2500202AB0 /* CGPoint.java */,
				CCA66E491EF2FF2500202AB0 /* CGRect.java */,
				CCA66E4A1EF2FF2500202AB0 /* CGSize.java */,
			);
			path = graphics;
			sourceTree = "<group>";
		};
		CCA66E4B1EF2FF2500202AB0 /* foundation */ = {
			isa = PBXGroup;
			children = (
				CCA66E4C1EF2FF2500202AB0 /* NSError.java */,
				CCA66E4D1EF2FF2500202AB0 /* NSObject.java */,
				CCA66E4E1EF2FF2500202AB0 /* NSObjectArray.java */,
				CCA66E4F1EF2FF2500202AB0 /* NSURL.java */,
				CCA66E501EF2FF2500202AB0 /* NSURLRequest.java */,
			);
			path = foundation;
			sourceTree = "<group>";
		};
		CCA66E511EF2FF2500202AB0 /* uikit */ = {
			isa = PBXGroup;
			children = (
				CCA66E521EF2FF2500202AB0 /* NSLayoutConstraint.java */,
				CCA66E531EF2FF2500202AB0 /* NSLayoutConstraintArray.java */,
				CCA66E541EF2FF2500202AB0 /* NSLayoutDimension.java */,
				CCA66E551EF2FF2500202AB0 /* NSLayoutXAxisAnchor.java */,
				CCA66E561EF2FF2500202AB0 /* NSLayoutYAxisAnchor.java */,
				CCA66E571EF2FF2500202AB0 /* UIButton.java */,
				CCA66E581EF2FF2500202AB0 /* UIColor.java */,
				CCA66E591EF2FF2500202AB0 /* UIControl.java */,
				CCA66E5A1EF2FF2500202AB0 /* UIControlEvents.java */,
				CCA66E5B1EF2FF2500202AB0 /* UIControlState.java */,
				CCA66E5C1EF2FF2500202AB0 /* UIEvent.java */,
				CCA66E5D1EF2FF2500202AB0 /* UIEventHandler.java */,
				CCA66E5E1EF2FF2500202AB0 /* UIImage.java */,
				CCA66E5F1EF2FF2500202AB0 /* UIImageView.java */,
				CCA66E601EF2FF2500202AB0 /* UILabel.java */,
				CCA66E611EF2FF2500202AB0 /* UIResponder.java */,
				CCA66E621EF2FF2500202AB0 /* UISlider.java */,
				CCA66E631EF2FF2500202AB0 /* UIStepper.java */,
				CCA66E641EF2FF2500202AB0 /* UISwitch.java */,
				CCA66E651EF2FF2500202AB0 /* UITextField.java */,
				CCA66E661EF2FF2500202AB0 /* UIView.java */,
				CCA66E671EF2FF2500202AB0 /* UIViewArray.java */,
				CCA66E681EF2FF2500202AB0 /* UIViewAutoresizing.java */,
				CCA66E691EF2FF2500202AB0 /* UIViewContentMode.java */,
				CCA66E6A1EF2FF2500202AB0 /* UIViewController.java */,
				CCA66E6B1EF2FF2500202AB0 /* UIViewControllerBase.h */,
				CCA66E6C1EF2FF2500202AB0 /* UIViewControllerBase.m */,
			);
			path = uikit;
			sourceTree = "<group>";
		};
		CCA66E6D1EF2FF2500202AB0 /* webkit */ = {
			isa = PBXGroup;
			children = (
				CCA66E6E1EF2FF2500202AB0 /* WKFrameInfo.java */,
				CCA66E6F1EF2FF2500202AB0 /* WKNavigation.java */,
				CCA66E701EF2FF2500202AB0 /* WKNavigationAction.java */,
				CCA66E711EF2FF2500202AB0 /* WKNavigationActionPolicy.java */,
				CCA66E721EF2FF2500202AB0 /* WKNavigationDelegate.java */,
				CCA66E731EF2FF2500202AB0 /* WKNavigationResponse.java */,
				CCA66E741EF2FF2500202AB0 /* WKNavigationResponsePolicy.java */,
				CCA66E751EF2FF2500202AB0 /* WKSecurityOrigin.java */,
				CCA66E761EF2FF2500202AB0 /* WKUIDelegate.java */,
				CCA66E771EF2FF2500202AB0 /* WKWebView.java */,
				CCA66E781EF2FF2500202AB0 /* WKWebViewConfiguration.java */,
			);
			path = webkit;
			sourceTree = "<group>";
		};
		CCA66EAB1EF300DF00202AB0 /* resources */ = {
			isa = PBXGroup;
			children = (
				CCA66E3B1EF2FD5F00202AB0 /* images.jpg */,
			);
			name = resources;
			sourceTree = "<group>";
		};
/* End PBXGroup section */

/* Begin PBXNativeTarget section */
		CCA16B0E1EE820AC00E52145 /* j2objc */ = {
			isa = PBXNativeTarget;
			buildConfigurationList = CCA16B261EE820AC00E52145 /* Build configuration list for PBXNativeTarget "j2objc" */;
			buildPhases = (
				CCA16B0B1EE820AC00E52145 /* Sources */,
				CCA16B0C1EE820AC00E52145 /* Frameworks */,
				CCA16B0D1EE820AC00E52145 /* Resources */,
			);
			buildRules = (
				CCA16B291EE82D5100E52145 /* PBXBuildRule */,
			);
			dependencies = (
			);
			name = j2objc;
			productName = j2objc;
			productReference = CCA16B0F1EE820AC00E52145 /* j2objc.app */;
			productType = "com.apple.product-type.application";
		};
/* End PBXNativeTarget section */

/* Begin PBXProject section */
		CCA16B071EE820AC00E52145 /* Project object */ = {
			isa = PBXProject;
			attributes = {
				LastUpgradeCheck = 0830;
				ORGANIZATIONNAME = "VeraCloud Inc";
				TargetAttributes = {
					CCA16B0E1EE820AC00E52145 = {
						CreatedOnToolsVersion = 8.3.2;
						DevelopmentTeam = ME833V5D8D;
						ProvisioningStyle = Automatic;
					};
				};
			};
			buildConfigurationList = CCA16B0A1EE820AC00E52145 /* Build configuration list for PBXProject "j2objc" */;
			compatibilityVersion = "Xcode 3.2";
			developmentRegion = English;
			hasScannedForEncodings = 0;
			knownRegions = (
				en,
				Base,
			);
			mainGroup = CCA16B061EE820AC00E52145;
			productRefGroup = CCA16B101EE820AC00E52145 /* Products */;
			projectDirPath = "";
			projectRoot = "";
			targets = (
				CCA16B0E1EE820AC00E52145 /* j2objc */,
			);
		};
/* End PBXProject section */

/* Begin PBXResourcesBuildPhase section */
		CCA16B0D1EE820AC00E52145 /* Resources */ = {
			isa = PBXResourcesBuildPhase;
			buildActionMask = 2147483647;
			files = (
				CCA16B1F1EE820AC00E52145 /* Assets.xcassets in Resources */,
				CCA66E3C1EF2FD5F00202AB0 /* images.jpg in Resources */,
			);
			runOnlyForDeploymentPostprocessing = 0;
		};
/* End PBXResourcesBuildPhase section */

/* Begin PBXSourcesBuildPhase section */
		CCA16B0B1EE820AC00E52145 /* Sources */ = {
			isa = PBXSourcesBuildPhase;
			buildActionMask = 2147483647;
			files = (
				CCA16B171EE820AC00E52145 /* AppDelegate.m in Sources */,
				CCA66E8C1EF2FF2500202AB0 /* UIControl.java in Sources */,
				CCA66E801EF2FF2500202AB0 /* NSError.java in Sources */,
				CCA16B141EE820AC00E52145 /* main.m in Sources */,
				CCA66E891EF2FF2500202AB0 /* NSLayoutYAxisAnchor.java in Sources */,
				CCA66E791EF2FF2500202AB0 /* ImageViewController.java in Sources */,
				CCA66E7E1EF2FF2500202AB0 /* CGRect.java in Sources */,
				CCA66E8B1EF2FF2500202AB0 /* UIColor.java in Sources */,
				CCA66E921EF2FF2500202AB0 /* UIImageView.java in Sources */,
				CCA66EA21EF2FF2500202AB0 /* WKNavigationActionPolicy.java in Sources */,
				CCA66E9F1EF2FF2500202AB0 /* WKFrameInfo.java in Sources */,
				CCA66E9E1EF2FF2500202AB0 /* UIViewControllerBase.m in Sources */,
				CCA66EA31EF2FF2500202AB0 /* WKNavigationDelegate.java in Sources */,
				CCA66E7C1EF2FF2500202AB0 /* SliderViewController.java in Sources */,
				CCA66E841EF2FF2500202AB0 /* NSURLRequest.java in Sources */,
				CCA66E981EF2FF2500202AB0 /* UITextField.java in Sources */,
				CCA66E971EF2FF2500202AB0 /* UISwitch.java in Sources */,
				CCA66E7D1EF2FF2500202AB0 /* CGPoint.java in Sources */,
				CCA66E8E1EF2FF2500202AB0 /* UIControlState.java in Sources */,
				CCA66E831EF2FF2500202AB0 /* NSURL.java in Sources */,
				CCA66E881EF2FF2500202AB0 /* NSLayoutXAxisAnchor.java in Sources */,
				CCA66E9D1EF2FF2500202AB0 /* UIViewController.java in Sources */,
				CCA66EA11EF2FF2500202AB0 /* WKNavigationAction.java in Sources */,
				CCA66E9B1EF2FF2500202AB0 /* UIViewAutoresizing.java in Sources */,
				CCA66E811EF2FF2500202AB0 /* NSObject.java in Sources */,
				CCA66E7B1EF2FF2500202AB0 /* MainViewController2.java in Sources */,
				CCA66E8D1EF2FF2500202AB0 /* UIControlEvents.java in Sources */,
				CCA66E9C1EF2FF2500202AB0 /* UIViewContentMode.java in Sources */,
				CCA66EA41EF2FF2500202AB0 /* WKNavigationResponse.java in Sources */,
				CCA66EA81EF2FF2500202AB0 /* WKWebView.java in Sources */,
				CCA66E9A1EF2FF2500202AB0 /* UIViewArray.java in Sources */,
				CCA66E821EF2FF2500202AB0 /* NSObjectArray.java in Sources */,
				CCA66E851EF2FF2500202AB0 /* NSLayoutConstraint.java in Sources */,
				CCA66E941EF2FF2500202AB0 /* UIResponder.java in Sources */,
				CCA66E911EF2FF2500202AB0 /* UIImage.java in Sources */,
				CCA66EA51EF2FF2500202AB0 /* WKNavigationResponsePolicy.java in Sources */,
				CCA66E7F1EF2FF2500202AB0 /* CGSize.java in Sources */,
				CCA66E951EF2FF2500202AB0 /* UISlider.java in Sources */,
				CCA66E871EF2FF2500202AB0 /* NSLayoutDimension.java in Sources */,
				CCA66E901EF2FF2500202AB0 /* UIEventHandler.java in Sources */,
				CCA66EA61EF2FF2500202AB0 /* WKSecurityOrigin.java in Sources */,
				CCA66E7A1EF2FF2500202AB0 /* MainViewController.java in Sources */,
				CCA66E8F1EF2FF2500202AB0 /* UIEvent.java in Sources */,
				CCA66EA91EF2FF2500202AB0 /* WKWebViewConfiguration.java in Sources */,
				CCA66E861EF2FF2500202AB0 /* NSLayoutConstraintArray.java in Sources */,
				CCA66E991EF2FF2500202AB0 /* UIView.java in Sources */,
				CCA66E8A1EF2FF2500202AB0 /* UIButton.java in Sources */,
				CCA66EA71EF2FF2500202AB0 /* WKUIDelegate.java in Sources */,
				CCA66EA01EF2FF2500202AB0 /* WKNavigation.java in Sources */,
				CCA66E931EF2FF2500202AB0 /* UILabel.java in Sources */,
				CCA66E961EF2FF2500202AB0 /* UIStepper.java in Sources */,
			);
			runOnlyForDeploymentPostprocessing = 0;
		};
/* End PBXSourcesBuildPhase section */

/* Begin XCBuildConfiguration section */
		CCA16B241EE820AC00E52145 /* Debug */ = {
			isa = XCBuildConfiguration;
			buildSettings = {
				ALWAYS_SEARCH_USER_PATHS = NO;
				CLANG_ANALYZER_NONNULL = YES;
				CLANG_ANALYZER_NUMBER_OBJECT_CONVERSION = YES_AGGRESSIVE;
				CLANG_CXX_LANGUAGE_STANDARD = "gnu++0x";
				CLANG_CXX_LIBRARY = "libc++";
				CLANG_ENABLE_MODULES = YES;
				CLANG_ENABLE_OBJC_ARC = YES;
				CLANG_WARN_BOOL_CONVERSION = YES;
				CLANG_WARN_CONSTANT_CONVERSION = YES;
				CLANG_WARN_DIRECT_OBJC_ISA_USAGE = YES_ERROR;
				CLANG_WARN_DOCUMENTATION_COMMENTS = YES;
				CLANG_WARN_EMPTY_BODY = YES;
				CLANG_WARN_ENUM_CONVERSION = YES;
				CLANG_WARN_INFINITE_RECURSION = YES;
				CLANG_WARN_INT_CONVERSION = YES;
				CLANG_WARN_OBJC_ROOT_CLASS = YES_ERROR;
				CLANG_WARN_SUSPICIOUS_MOVE = YES;
				CLANG_WARN_UNREACHABLE_CODE = YES;
				CLANG_WARN__DUPLICATE_METHOD_MATCH = YES;
				"CODE_SIGN_IDENTITY[sdk=iphoneos*]" = "iPhone Developer";
				COPY_PHASE_STRIP = NO;
				DEBUG_INFORMATION_FORMAT = dwarf;
				ENABLE_STRICT_OBJC_MSGSEND = YES;
				ENABLE_TESTABILITY = YES;
				GCC_C_LANGUAGE_STANDARD = gnu99;
				GCC_DYNAMIC_NO_PIC = NO;
				GCC_NO_COMMON_BLOCKS = YES;
				GCC_OPTIMIZATION_LEVEL = 0;
				GCC_PREPROCESSOR_DEFINITIONS = (
					"DEBUG=1",
					"$(inherited)",
				);
				GCC_WARN_64_TO_32_BIT_CONVERSION = YES;
				GCC_WARN_ABOUT_RETURN_TYPE = YES_ERROR;
				GCC_WARN_UNDECLARED_SELECTOR = YES;
				GCC_WARN_UNINITIALIZED_AUTOS = YES_AGGRESSIVE;
				GCC_WARN_UNUSED_FUNCTION = YES;
				GCC_WARN_UNUSED_VARIABLE = YES;
				IPHONEOS_DEPLOYMENT_TARGET = 10.3;
				MTL_ENABLE_DEBUG_INFO = YES;
				ONLY_ACTIVE_ARCH = YES;
				SDKROOT = iphoneos;
				TARGETED_DEVICE_FAMILY = "1,2";
			};
			name = Debug;
		};
		CCA16B251EE820AC00E52145 /* Release */ = {
			isa = XCBuildConfiguration;
			buildSettings = {
				ALWAYS_SEARCH_USER_PATHS = NO;
				CLANG_ANALYZER_NONNULL = YES;
				CLANG_ANALYZER_NUMBER_OBJECT_CONVERSION = YES_AGGRESSIVE;
				CLANG_CXX_LANGUAGE_STANDARD = "gnu++0x";
				CLANG_CXX_LIBRARY = "libc++";
				CLANG_ENABLE_MODULES = YES;
				CLANG_ENABLE_OBJC_ARC = YES;
				CLANG_WARN_BOOL_CONVERSION = YES;
				CLANG_WARN_CONSTANT_CONVERSION = YES;
				CLANG_WARN_DIRECT_OBJC_ISA_USAGE = YES_ERROR;
				CLANG_WARN_DOCUMENTATION_COMMENTS = YES;
				CLANG_WARN_EMPTY_BODY = YES;
				CLANG_WARN_ENUM_CONVERSION = YES;
				CLANG_WARN_INFINITE_RECURSION = YES;
				CLANG_WARN_INT_CONVERSION = YES;
				CLANG_WARN_OBJC_ROOT_CLASS = YES_ERROR;
				CLANG_WARN_SUSPICIOUS_MOVE = YES;
				CLANG_WARN_UNREACHABLE_CODE = YES;
				CLANG_WARN__DUPLICATE_METHOD_MATCH = YES;
				"CODE_SIGN_IDENTITY[sdk=iphoneos*]" = "iPhone Developer";
				COPY_PHASE_STRIP = NO;
				DEBUG_INFORMATION_FORMAT = "dwarf-with-dsym";
				ENABLE_NS_ASSERTIONS = NO;
				ENABLE_STRICT_OBJC_MSGSEND = YES;
				GCC_C_LANGUAGE_STANDARD = gnu99;
				GCC_NO_COMMON_BLOCKS = YES;
				GCC_WARN_64_TO_32_BIT_CONVERSION = YES;
				GCC_WARN_ABOUT_RETURN_TYPE = YES_ERROR;
				GCC_WARN_UNDECLARED_SELECTOR = YES;
				GCC_WARN_UNINITIALIZED_AUTOS = YES_AGGRESSIVE;
				GCC_WARN_UNUSED_FUNCTION = YES;
				GCC_WARN_UNUSED_VARIABLE = YES;
				IPHONEOS_DEPLOYMENT_TARGET = 10.3;
				MTL_ENABLE_DEBUG_INFO = NO;
				SDKROOT = iphoneos;
				TARGETED_DEVICE_FAMILY = "1,2";
				VALIDATE_PRODUCT = YES;
			};
			name = Release;
		};
		CCA16B271EE820AC00E52145 /* Debug */ = {
			isa = XCBuildConfiguration;
			buildSettings = {
				ASSETCATALOG_COMPILER_APPICON_NAME = AppIcon;
				CLANG_ENABLE_OBJC_ARC = NO;
				"CODE_SIGN_IDENTITY[sdk=iphoneos*]" = "iPhone Developer";
				DEVELOPMENT_TEAM = ME833V5D8D;
				FRAMEWORK_SEARCH_PATHS = "${J2OBJC_HOME}/frameworks";
				HEADER_SEARCH_PATHS = "";
				INFOPLIST_FILE = j2objc/Info.plist;
				J2OBJC_HOME = "/Users/ggeorg/Applications/j2objc-2.0";
				LD_RUNPATH_SEARCH_PATHS = "$(inherited) @executable_path/Frameworks";
				LIBRARY_SEARCH_PATHS = "${J2OBJC_HOME}/lib";
				OTHER_LDFLAGS = "-ljre_emul";
				PRODUCT_BUNDLE_IDENTIFIER = VeraCloud.j2objc;
				PRODUCT_NAME = "$(TARGET_NAME)";
				PROVISIONING_PROFILE = "";
				PROVISIONING_PROFILE_SPECIFIER = "";
				USER_HEADER_SEARCH_PATHS = "${J2OBJC_HOME}/include ${DERIVED_FILES_DIR}";
			};
			name = Debug;
		};
		CCA16B281EE820AC00E52145 /* Release */ = {
			isa = XCBuildConfiguration;
			buildSettings = {
				ASSETCATALOG_COMPILER_APPICON_NAME = AppIcon;
				CLANG_ENABLE_OBJC_ARC = NO;
				"CODE_SIGN_IDENTITY[sdk=iphoneos*]" = "iPhone Developer";
				DEVELOPMENT_TEAM = ME833V5D8D;
				FRAMEWORK_SEARCH_PATHS = "${J2OBJC_HOME}/frameworks";
				HEADER_SEARCH_PATHS = "";
				INFOPLIST_FILE = j2objc/Info.plist;
				J2OBJC_HOME = "/Users/ggeorg/Applications/j2objc-2.0";
				LD_RUNPATH_SEARCH_PATHS = "$(inherited) @executable_path/Frameworks";
				LIBRARY_SEARCH_PATHS = "${J2OBJC_HOME}/lib";
				OTHER_LDFLAGS = "-ljre_emul";
				PRODUCT_BUNDLE_IDENTIFIER = VeraCloud.j2objc;
				PRODUCT_NAME = "$(TARGET_NAME)";
				PROVISIONING_PROFILE = "";
				PROVISIONING_PROFILE_SPECIFIER = "";
				USER_HEADER_SEARCH_PATHS = "${J2OBJC_HOME}/include ${DERIVED_FILES_DIR}";
			};
			name = Release;
		};
/* End XCBuildConfiguration section */

/* Begin XCConfigurationList section */
		CCA16B0A1EE820AC00E52145 /* Build configuration list for PBXProject "j2objc" */ = {
			isa = XCConfigurationList;
			buildConfigurations = (
				CCA16B241EE820AC00E52145 /* Debug */,
				CCA16B251EE820AC00E52145 /* Release */,
			);
			defaultConfigurationIsVisible = 0;
			defaultConfigurationName = Release;
		};
		CCA16B261EE820AC00E52145 /* Build configuration list for PBXNativeTarget "j2objc" */ = {
			isa = XCConfigurationList;
			buildConfigurations = (
				CCA16B271EE820AC00E52145 /* Debug */,
				CCA16B281EE820AC00E52145 /* Release */,
			);
			defaultConfigurationIsVisible = 0;
			defaultConfigurationName = Release;
		};
/* End XCConfigurationList section */
	};
	rootObject = CCA16B071EE820AC00E52145 /* Project object */;
}
