// !$*UTF8*$!
{
	archiveVersion = 1;
	classes = {
	};
	objectVersion = 46;
	objects = {

/* Begin PBXBuildFile section */
		CC19A6DA1EF32A8C0064758F /* ImageViewController.java in Sources */ = {isa = PBXBuildFile; fileRef = CC19A69B1EF32A8C0064758F /* ImageViewController.java */; };
		CC19A6DB1EF32A8C0064758F /* MainViewController.java in Sources */ = {isa = PBXBuildFile; fileRef = CC19A69C1EF32A8C0064758F /* MainViewController.java */; };
		CC19A6DC1EF32A8C0064758F /* MainViewController2.java in Sources */ = {isa = PBXBuildFile; fileRef = CC19A69D1EF32A8C0064758F /* MainViewController2.java */; };
		CC19A6DD1EF32A8C0064758F /* MyAppDelegate.java in Sources */ = {isa = PBXBuildFile; fileRef = CC19A69E1EF32A8C0064758F /* MyAppDelegate.java */; };
		CC19A6DE1EF32A8C0064758F /* SliderViewController.java in Sources */ = {isa = PBXBuildFile; fileRef = CC19A69F1EF32A8C0064758F /* SliderViewController.java */; };
		CC19A6DF1EF32A8C0064758F /* CGPoint.java in Sources */ = {isa = PBXBuildFile; fileRef = CC19A6A51EF32A8C0064758F /* CGPoint.java */; };
		CC19A6E01EF32A8C0064758F /* CGRect.java in Sources */ = {isa = PBXBuildFile; fileRef = CC19A6A61EF32A8C0064758F /* CGRect.java */; };
		CC19A6E11EF32A8C0064758F /* CGSize.java in Sources */ = {isa = PBXBuildFile; fileRef = CC19A6A71EF32A8C0064758F /* CGSize.java */; };
		CC19A6E21EF32A8C0064758F /* NSError.java in Sources */ = {isa = PBXBuildFile; fileRef = CC19A6A91EF32A8C0064758F /* NSError.java */; };
		CC19A6E31EF32A8C0064758F /* NSObject.java in Sources */ = {isa = PBXBuildFile; fileRef = CC19A6AA1EF32A8C0064758F /* NSObject.java */; };
		CC19A6E41EF32A8C0064758F /* NSObjectArray.java in Sources */ = {isa = PBXBuildFile; fileRef = CC19A6AB1EF32A8C0064758F /* NSObjectArray.java */; };
		CC19A6E51EF32A8C0064758F /* NSURL.java in Sources */ = {isa = PBXBuildFile; fileRef = CC19A6AC1EF32A8C0064758F /* NSURL.java */; };
		CC19A6E61EF32A8C0064758F /* NSURLRequest.java in Sources */ = {isa = PBXBuildFile; fileRef = CC19A6AD1EF32A8C0064758F /* NSURLRequest.java */; };
		CC19A6E71EF32A8C0064758F /* NSLayoutConstraint.java in Sources */ = {isa = PBXBuildFile; fileRef = CC19A6AF1EF32A8C0064758F /* NSLayoutConstraint.java */; };
		CC19A6E81EF32A8C0064758F /* NSLayoutConstraintArray.java in Sources */ = {isa = PBXBuildFile; fileRef = CC19A6B01EF32A8C0064758F /* NSLayoutConstraintArray.java */; };
		CC19A6E91EF32A8C0064758F /* NSLayoutDimension.java in Sources */ = {isa = PBXBuildFile; fileRef = CC19A6B11EF32A8C0064758F /* NSLayoutDimension.java */; };
		CC19A6EA1EF32A8C0064758F /* NSLayoutXAxisAnchor.java in Sources */ = {isa = PBXBuildFile; fileRef = CC19A6B21EF32A8C0064758F /* NSLayoutXAxisAnchor.java */; };
		CC19A6EB1EF32A8C0064758F /* NSLayoutYAxisAnchor.java in Sources */ = {isa = PBXBuildFile; fileRef = CC19A6B31EF32A8C0064758F /* NSLayoutYAxisAnchor.java */; };
		CC19A6EC1EF32A8C0064758F /* UIApplication.java in Sources */ = {isa = PBXBuildFile; fileRef = CC19A6B41EF32A8C0064758F /* UIApplication.java */; };
		CC19A6ED1EF32A8C0064758F /* UIApplicationDelegate.java in Sources */ = {isa = PBXBuildFile; fileRef = CC19A6B51EF32A8C0064758F /* UIApplicationDelegate.java */; };
		CC19A6EE1EF32A8C0064758F /* UIButton.java in Sources */ = {isa = PBXBuildFile; fileRef = CC19A6B61EF32A8C0064758F /* UIButton.java */; };
		CC19A6EF1EF32A8C0064758F /* UIColor.java in Sources */ = {isa = PBXBuildFile; fileRef = CC19A6B71EF32A8C0064758F /* UIColor.java */; };
		CC19A6F01EF32A8C0064758F /* UIControl.java in Sources */ = {isa = PBXBuildFile; fileRef = CC19A6B81EF32A8C0064758F /* UIControl.java */; };
		CC19A6F11EF32A8C0064758F /* UIControlEvents.java in Sources */ = {isa = PBXBuildFile; fileRef = CC19A6B91EF32A8C0064758F /* UIControlEvents.java */; };
		CC19A6F21EF32A8C0064758F /* UIControlState.java in Sources */ = {isa = PBXBuildFile; fileRef = CC19A6BA1EF32A8C0064758F /* UIControlState.java */; };
		CC19A6F31EF32A8C0064758F /* UIEvent.java in Sources */ = {isa = PBXBuildFile; fileRef = CC19A6BB1EF32A8C0064758F /* UIEvent.java */; };
		CC19A6F41EF32A8C0064758F /* UIEventHandler.java in Sources */ = {isa = PBXBuildFile; fileRef = CC19A6BC1EF32A8C0064758F /* UIEventHandler.java */; };
		CC19A6F51EF32A8C0064758F /* UIImage.java in Sources */ = {isa = PBXBuildFile; fileRef = CC19A6BD1EF32A8C0064758F /* UIImage.java */; };
		CC19A6F61EF32A8C0064758F /* UIImageView.java in Sources */ = {isa = PBXBuildFile; fileRef = CC19A6BE1EF32A8C0064758F /* UIImageView.java */; };
		CC19A6F71EF32A8C0064758F /* UILabel.java in Sources */ = {isa = PBXBuildFile; fileRef = CC19A6BF1EF32A8C0064758F /* UILabel.java */; };
		CC19A6F81EF32A8C0064758F /* UIResponder.java in Sources */ = {isa = PBXBuildFile; fileRef = CC19A6C01EF32A8C0064758F /* UIResponder.java */; };
		CC19A6F91EF32A8C0064758F /* UIScreen.java in Sources */ = {isa = PBXBuildFile; fileRef = CC19A6C11EF32A8C0064758F /* UIScreen.java */; };
		CC19A6FA1EF32A8C0064758F /* UISlider.java in Sources */ = {isa = PBXBuildFile; fileRef = CC19A6C21EF32A8C0064758F /* UISlider.java */; };
		CC19A6FB1EF32A8C0064758F /* UIStepper.java in Sources */ = {isa = PBXBuildFile; fileRef = CC19A6C31EF32A8C0064758F /* UIStepper.java */; };
		CC19A6FC1EF32A8C0064758F /* UISwitch.java in Sources */ = {isa = PBXBuildFile; fileRef = CC19A6C41EF32A8C0064758F /* UISwitch.java */; };
		CC19A6FD1EF32A8C0064758F /* UITextField.java in Sources */ = {isa = PBXBuildFile; fileRef = CC19A6C51EF32A8C0064758F /* UITextField.java */; };
		CC19A6FE1EF32A8C0064758F /* UIView.java in Sources */ = {isa = PBXBuildFile; fileRef = CC19A6C61EF32A8C0064758F /* UIView.java */; };
		CC19A6FF1EF32A8C0064758F /* UIViewArray.java in Sources */ = {isa = PBXBuildFile; fileRef = CC19A6C71EF32A8C0064758F /* UIViewArray.java */; };
		CC19A7001EF32A8C0064758F /* UIViewAutoresizing.java in Sources */ = {isa = PBXBuildFile; fileRef = CC19A6C81EF32A8C0064758F /* UIViewAutoresizing.java */; };
		CC19A7011EF32A8C0064758F /* UIViewContentMode.java in Sources */ = {isa = PBXBuildFile; fileRef = CC19A6C91EF32A8C0064758F /* UIViewContentMode.java */; };
		CC19A7021EF32A8C0064758F /* UIViewController.java in Sources */ = {isa = PBXBuildFile; fileRef = CC19A6CA1EF32A8C0064758F /* UIViewController.java */; };
		CC19A7031EF32A8C0064758F /* UIViewControllerBase.m in Sources */ = {isa = PBXBuildFile; fileRef = CC19A6CC1EF32A8C0064758F /* UIViewControllerBase.m */; };
		CC19A7041EF32A8C0064758F /* UIWindow.java in Sources */ = {isa = PBXBuildFile; fileRef = CC19A6CD1EF32A8C0064758F /* UIWindow.java */; };
		CC19A7051EF32A8C0064758F /* WKFrameInfo.java in Sources */ = {isa = PBXBuildFile; fileRef = CC19A6CF1EF32A8C0064758F /* WKFrameInfo.java */; };
		CC19A7061EF32A8C0064758F /* WKNavigation.java in Sources */ = {isa = PBXBuildFile; fileRef = CC19A6D01EF32A8C0064758F /* WKNavigation.java */; };
		CC19A7071EF32A8C0064758F /* WKNavigationAction.java in Sources */ = {isa = PBXBuildFile; fileRef = CC19A6D11EF32A8C0064758F /* WKNavigationAction.java */; };
		CC19A7081EF32A8C0064758F /* WKNavigationActionPolicy.java in Sources */ = {isa = PBXBuildFile; fileRef = CC19A6D21EF32A8C0064758F /* WKNavigationActionPolicy.java */; };
		CC19A7091EF32A8C0064758F /* WKNavigationDelegate.java in Sources */ = {isa = PBXBuildFile; fileRef = CC19A6D31EF32A8C0064758F /* WKNavigationDelegate.java */; };
		CC19A70A1EF32A8C0064758F /* WKNavigationResponse.java in Sources */ = {isa = PBXBuildFile; fileRef = CC19A6D41EF32A8C0064758F /* WKNavigationResponse.java */; };
		CC19A70B1EF32A8C0064758F /* WKNavigationResponsePolicy.java in Sources */ = {isa = PBXBuildFile; fileRef = CC19A6D51EF32A8C0064758F /* WKNavigationResponsePolicy.java */; };
		CC19A70C1EF32A8C0064758F /* WKSecurityOrigin.java in Sources */ = {isa = PBXBuildFile; fileRef = CC19A6D61EF32A8C0064758F /* WKSecurityOrigin.java */; };
		CC19A70D1EF32A8C0064758F /* WKUIDelegate.java in Sources */ = {isa = PBXBuildFile; fileRef = CC19A6D71EF32A8C0064758F /* WKUIDelegate.java */; };
		CC19A70E1EF32A8C0064758F /* WKWebView.java in Sources */ = {isa = PBXBuildFile; fileRef = CC19A6D81EF32A8C0064758F /* WKWebView.java */; };
		CC19A70F1EF32A8C0064758F /* WKWebViewConfiguration.java in Sources */ = {isa = PBXBuildFile; fileRef = CC19A6D91EF32A8C0064758F /* WKWebViewConfiguration.java */; };
		CCA16B141EE820AC00E52145 /* main.m in Sources */ = {isa = PBXBuildFile; fileRef = CCA16B131EE820AC00E52145 /* main.m */; };
		CCA16B1F1EE820AC00E52145 /* Assets.xcassets in Resources */ = {isa = PBXBuildFile; fileRef = CCA16B1E1EE820AC00E52145 /* Assets.xcassets */; };
		CCA16B331EE83FCC00E52145 /* libiconv.tbd in Frameworks */ = {isa = PBXBuildFile; fileRef = CCA16B321EE83FCC00E52145 /* libiconv.tbd */; };
		CCA66F971EF31E9900202AB0 /* images.jpg in Resources */ = {isa = PBXBuildFile; fileRef = CCA66F961EF31E9900202AB0 /* images.jpg */; };
/* End PBXBuildFile section */

/* Begin PBXBuildRule section */
		CCA16B291EE82D5100E52145 /* PBXBuildRule */ = {
			isa = PBXBuildRule;
			compilerSpec = com.apple.compilers.proxy.script;
			fileType = sourcecode.java;
			isEditable = 1;
			outputFiles = (
				"${DERIVED_FILE_DIR}/${INPUT_FILE_BASE}.h",
				"${DERIVED_FILE_DIR}/${INPUT_FILE_BASE}.m",
			);
			script = "if [ ! -f \"${J2OBJC_HOME}/j2objc\" ]; then echo \"J2OBJC_HOME is not correctly defined, currently set to '${J2OBJC_HOME}'\"; exit 1; fi;\n\"${J2OBJC_HOME}/j2objc\" -d ${DERIVED_FILES_DIR} -sourcepath ../src --no-package-directories -g ${INPUT_FILE_PATH};";
		};
/* End PBXBuildRule section */

/* Begin PBXFileReference section */
		CC19A69B1EF32A8C0064758F /* ImageViewController.java */ = {isa = PBXFileReference; fileEncoding = 4; lastKnownFileType = sourcecode.java; path = ImageViewController.java; sourceTree = "<group>"; };
		CC19A69C1EF32A8C0064758F /* MainViewController.java */ = {isa = PBXFileReference; fileEncoding = 4; lastKnownFileType = sourcecode.java; path = MainViewController.java; sourceTree = "<group>"; };
		CC19A69D1EF32A8C0064758F /* MainViewController2.java */ = {isa = PBXFileReference; fileEncoding = 4; lastKnownFileType = sourcecode.java; path = MainViewController2.java; sourceTree = "<group>"; };
		CC19A69E1EF32A8C0064758F /* MyAppDelegate.java */ = {isa = PBXFileReference; fileEncoding = 4; lastKnownFileType = sourcecode.java; path = MyAppDelegate.java; sourceTree = "<group>"; };
		CC19A69F1EF32A8C0064758F /* SliderViewController.java */ = {isa = PBXFileReference; fileEncoding = 4; lastKnownFileType = sourcecode.java; path = SliderViewController.java; sourceTree = "<group>"; };
		CC19A6A51EF32A8C0064758F /* CGPoint.java */ = {isa = PBXFileReference; fileEncoding = 4; lastKnownFileType = sourcecode.java; path = CGPoint.java; sourceTree = "<group>"; };
		CC19A6A61EF32A8C0064758F /* CGRect.java */ = {isa = PBXFileReference; fileEncoding = 4; lastKnownFileType = sourcecode.java; path = CGRect.java; sourceTree = "<group>"; };
		CC19A6A71EF32A8C0064758F /* CGSize.java */ = {isa = PBXFileReference; fileEncoding = 4; lastKnownFileType = sourcecode.java; path = CGSize.java; sourceTree = "<group>"; };
		CC19A6A91EF32A8C0064758F /* NSError.java */ = {isa = PBXFileReference; fileEncoding = 4; lastKnownFileType = sourcecode.java; path = NSError.java; sourceTree = "<group>"; };
		CC19A6AA1EF32A8C0064758F /* NSObject.java */ = {isa = PBXFileReference; fileEncoding = 4; lastKnownFileType = sourcecode.java; path = NSObject.java; sourceTree = "<group>"; };
		CC19A6AB1EF32A8C0064758F /* NSObjectArray.java */ = {isa = PBXFileReference; fileEncoding = 4; lastKnownFileType = sourcecode.java; path = NSObjectArray.java; sourceTree = "<group>"; };
		CC19A6AC1EF32A8C0064758F /* NSURL.java */ = {isa = PBXFileReference; fileEncoding = 4; lastKnownFileType = sourcecode.java; path = NSURL.java; sourceTree = "<group>"; };
		CC19A6AD1EF32A8C0064758F /* NSURLRequest.java */ = {isa = PBXFileReference; fileEncoding = 4; lastKnownFileType = sourcecode.java; path = NSURLRequest.java; sourceTree = "<group>"; };
		CC19A6AF1EF32A8C0064758F /* NSLayoutConstraint.java */ = {isa = PBXFileReference; fileEncoding = 4; lastKnownFileType = sourcecode.java; path = NSLayoutConstraint.java; sourceTree = "<group>"; };
		CC19A6B01EF32A8C0064758F /* NSLayoutConstraintArray.java */ = {isa = PBXFileReference; fileEncoding = 4; lastKnownFileType = sourcecode.java; path = NSLayoutConstraintArray.java; sourceTree = "<group>"; };
		CC19A6B11EF32A8C0064758F /* NSLayoutDimension.java */ = {isa = PBXFileReference; fileEncoding = 4; lastKnownFileType = sourcecode.java; path = NSLayoutDimension.java; sourceTree = "<group>"; };
		CC19A6B21EF32A8C0064758F /* NSLayoutXAxisAnchor.java */ = {isa = PBXFileReference; fileEncoding = 4; lastKnownFileType = sourcecode.java; path = NSLayoutXAxisAnchor.java; sourceTree = "<group>"; };
		CC19A6B31EF32A8C0064758F /* NSLayoutYAxisAnchor.java */ = {isa = PBXFileReference; fileEncoding = 4; lastKnownFileType = sourcecode.java; path = NSLayoutYAxisAnchor.java; sourceTree = "<group>"; };
		CC19A6B41EF32A8C0064758F /* UIApplication.java */ = {isa = PBXFileReference; fileEncoding = 4; lastKnownFileType = sourcecode.java; path = UIApplication.java; sourceTree = "<group>"; };
		CC19A6B51EF32A8C0064758F /* UIApplicationDelegate.java */ = {isa = PBXFileReference; fileEncoding = 4; lastKnownFileType = sourcecode.java; path = UIApplicationDelegate.java; sourceTree = "<group>"; };
		CC19A6B61EF32A8C0064758F /* UIButton.java */ = {isa = PBXFileReference; fileEncoding = 4; lastKnownFileType = sourcecode.java; path = UIButton.java; sourceTree = "<group>"; };
		CC19A6B71EF32A8C0064758F /* UIColor.java */ = {isa = PBXFileReference; fileEncoding = 4; lastKnownFileType = sourcecode.java; path = UIColor.java; sourceTree = "<group>"; };
		CC19A6B81EF32A8C0064758F /* UIControl.java */ = {isa = PBXFileReference; fileEncoding = 4; lastKnownFileType = sourcecode.java; path = UIControl.java; sourceTree = "<group>"; };
		CC19A6B91EF32A8C0064758F /* UIControlEvents.java */ = {isa = PBXFileReference; fileEncoding = 4; lastKnownFileType = sourcecode.java; path = UIControlEvents.java; sourceTree = "<group>"; };
		CC19A6BA1EF32A8C0064758F /* UIControlState.java */ = {isa = PBXFileReference; fileEncoding = 4; lastKnownFileType = sourcecode.java; path = UIControlState.java; sourceTree = "<group>"; };
		CC19A6BB1EF32A8C0064758F /* UIEvent.java */ = {isa = PBXFileReference; fileEncoding = 4; lastKnownFileType = sourcecode.java; path = UIEvent.java; sourceTree = "<group>"; };
		CC19A6BC1EF32A8C0064758F /* UIEventHandler.java */ = {isa = PBXFileReference; fileEncoding = 4; lastKnownFileType = sourcecode.java; path = UIEventHandler.java; sourceTree = "<group>"; };
		CC19A6BD1EF32A8C0064758F /* UIImage.java */ = {isa = PBXFileReference; fileEncoding = 4; lastKnownFileType = sourcecode.java; path = UIImage.java; sourceTree = "<group>"; };
		CC19A6BE1EF32A8C0064758F /* UIImageView.java */ = {isa = PBXFileReference; fileEncoding = 4; lastKnownFileType = sourcecode.java; path = UIImageView.java; sourceTree = "<group>"; };
		CC19A6BF1EF32A8C0064758F /* UILabel.java */ = {isa = PBXFileReference; fileEncoding = 4; lastKnownFileType = sourcecode.java; path = UILabel.java; sourceTree = "<group>"; };
		CC19A6C01EF32A8C0064758F /* UIResponder.java */ = {isa = PBXFileReference; fileEncoding = 4; lastKnownFileType = sourcecode.java; path = UIResponder.java; sourceTree = "<group>"; };
		CC19A6C11EF32A8C0064758F /* UIScreen.java */ = {isa = PBXFileReference; fileEncoding = 4; lastKnownFileType = sourcecode.java; path = UIScreen.java; sourceTree = "<group>"; };
		CC19A6C21EF32A8C0064758F /* UISlider.java */ = {isa = PBXFileReference; fileEncoding = 4; lastKnownFileType = sourcecode.java; path = UISlider.java; sourceTree = "<group>"; };
		CC19A6C31EF32A8C0064758F /* UIStepper.java */ = {isa = PBXFileReference; fileEncoding = 4; lastKnownFileType = sourcecode.java; path = UIStepper.java; sourceTree = "<group>"; };
		CC19A6C41EF32A8C0064758F /* UISwitch.java */ = {isa = PBXFileReference; fileEncoding = 4; lastKnownFileType = sourcecode.java; path = UISwitch.java; sourceTree = "<group>"; };
		CC19A6C51EF32A8C0064758F /* UITextField.java */ = {isa = PBXFileReference; fileEncoding = 4; lastKnownFileType = sourcecode.java; path = UITextField.java; sourceTree = "<group>"; };
		CC19A6C61EF32A8C0064758F /* UIView.java */ = {isa = PBXFileReference; fileEncoding = 4; lastKnownFileType = sourcecode.java; path = UIView.java; sourceTree = "<group>"; };
		CC19A6C71EF32A8C0064758F /* UIViewArray.java */ = {isa = PBXFileReference; fileEncoding = 4; lastKnownFileType = sourcecode.java; path = UIViewArray.java; sourceTree = "<group>"; };
		CC19A6C81EF32A8C0064758F /* UIViewAutoresizing.java */ = {isa = PBXFileReference; fileEncoding = 4; lastKnownFileType = sourcecode.java; path = UIViewAutoresizing.java; sourceTree = "<group>"; };
		CC19A6C91EF32A8C0064758F /* UIViewContentMode.java */ = {isa = PBXFileReference; fileEncoding = 4; lastKnownFileType = sourcecode.java; path = UIViewContentMode.java; sourceTree = "<group>"; };
		CC19A6CA1EF32A8C0064758F /* UIViewController.java */ = {isa = PBXFileReference; fileEncoding = 4; lastKnownFileType = sourcecode.java; path = UIViewController.java; sourceTree = "<group>"; };
		CC19A6CB1EF32A8C0064758F /* UIViewControllerBase.h */ = {isa = PBXFileReference; fileEncoding = 4; lastKnownFileType = sourcecode.c.h; path = UIViewControllerBase.h; sourceTree = "<group>"; };
		CC19A6CC1EF32A8C0064758F /* UIViewControllerBase.m */ = {isa = PBXFileReference; fileEncoding = 4; lastKnownFileType = sourcecode.c.objc; path = UIViewControllerBase.m; sourceTree = "<group>"; };
		CC19A6CD1EF32A8C0064758F /* UIWindow.java */ = {isa = PBXFileReference; fileEncoding = 4; lastKnownFileType = sourcecode.java; path = UIWindow.java; sourceTree = "<group>"; };
		CC19A6CF1EF32A8C0064758F /* WKFrameInfo.java */ = {isa = PBXFileReference; fileEncoding = 4; lastKnownFileType = sourcecode.java; path = WKFrameInfo.java; sourceTree = "<group>"; };
		CC19A6D01EF32A8C0064758F /* WKNavigation.java */ = {isa = PBXFileReference; fileEncoding = 4; lastKnownFileType = sourcecode.java; path = WKNavigation.java; sourceTree = "<group>"; };
		CC19A6D11EF32A8C0064758F /* WKNavigationAction.java */ = {isa = PBXFileReference; fileEncoding = 4; lastKnownFileType = sourcecode.java; path = WKNavigationAction.java; sourceTree = "<group>"; };
		CC19A6D21EF32A8C0064758F /* WKNavigationActionPolicy.java */ = {isa = PBXFileReference; fileEncoding = 4; lastKnownFileType = sourcecode.java; path = WKNavigationActionPolicy.java; sourceTree = "<group>"; };
		CC19A6D31EF32A8C0064758F /* WKNavigationDelegate.java */ = {isa = PBXFileReference; fileEncoding = 4; lastKnownFileType = sourcecode.java; path = WKNavigationDelegate.java; sourceTree = "<group>"; };
		CC19A6D41EF32A8C0064758F /* WKNavigationResponse.java */ = {isa = PBXFileReference; fileEncoding = 4; lastKnownFileType = sourcecode.java; path = WKNavigationResponse.java; sourceTree = "<group>"; };
		CC19A6D51EF32A8C0064758F /* WKNavigationResponsePolicy.java */ = {isa = PBXFileReference; fileEncoding = 4; lastKnownFileType = sourcecode.java; path = WKNavigationResponsePolicy.java; sourceTree = "<group>"; };
		CC19A6D61EF32A8C0064758F /* WKSecurityOrigin.java */ = {isa = PBXFileReference; fileEncoding = 4; lastKnownFileType = sourcecode.java; path = WKSecurityOrigin.java; sourceTree = "<group>"; };
		CC19A6D71EF32A8C0064758F /* WKUIDelegate.java */ = {isa = PBXFileReference; fileEncoding = 4; lastKnownFileType = sourcecode.java; path = WKUIDelegate.java; sourceTree = "<group>"; };
		CC19A6D81EF32A8C0064758F /* WKWebView.java */ = {isa = PBXFileReference; fileEncoding = 4; lastKnownFileType = sourcecode.java; path = WKWebView.java; sourceTree = "<group>"; };
		CC19A6D91EF32A8C0064758F /* WKWebViewConfiguration.java */ = {isa = PBXFileReference; fileEncoding = 4; lastKnownFileType = sourcecode.java; path = WKWebViewConfiguration.java; sourceTree = "<group>"; };
		CCA16B0F1EE820AC00E52145 /* j2objc.app */ = {isa = PBXFileReference; explicitFileType = wrapper.application; includeInIndex = 0; path = j2objc.app; sourceTree = BUILT_PRODUCTS_DIR; };
		CCA16B131EE820AC00E52145 /* main.m */ = {isa = PBXFileReference; lastKnownFileType = sourcecode.c.objc; path = main.m; sourceTree = "<group>"; };
		CCA16B1E1EE820AC00E52145 /* Assets.xcassets */ = {isa = PBXFileReference; lastKnownFileType = folder.assetcatalog; path = Assets.xcassets; sourceTree = "<group>"; };
		CCA16B231EE820AC00E52145 /* Info.plist */ = {isa = PBXFileReference; lastKnownFileType = text.plist.xml; path = Info.plist; sourceTree = "<group>"; };
		CCA16B321EE83FCC00E52145 /* libiconv.tbd */ = {isa = PBXFileReference; lastKnownFileType = "sourcecode.text-based-dylib-definition"; name = libiconv.tbd; path = usr/lib/libiconv.tbd; sourceTree = SDKROOT; };
		CCA66F961EF31E9900202AB0 /* images.jpg */ = {isa = PBXFileReference; lastKnownFileType = image.jpeg; path = images.jpg; sourceTree = "<group>"; };
/* End PBXFileReference section */

/* Begin PBXFrameworksBuildPhase section */
		CCA16B0C1EE820AC00E52145 /* Frameworks */ = {
			isa = PBXFrameworksBuildPhase;
			buildActionMask = 2147483647;
			files = (
				CCA16B331EE83FCC00E52145 /* libiconv.tbd in Frameworks */,
			);
			runOnlyForDeploymentPostprocessing = 0;
		};
/* End PBXFrameworksBuildPhase section */

/* Begin PBXGroup section */
		CC19A6991EF32A8C0064758F /* src */ = {
			isa = PBXGroup;
			children = (
				CC19A69A1EF32A8C0064758F /* j2objc */,
				CC19A6A01EF32A8C0064758F /* org */,
			);
			name = src;
			path = ../src;
			sourceTree = "<group>";
		};
		CC19A69A1EF32A8C0064758F /* j2objc */ = {
			isa = PBXGroup;
			children = (
				CC19A69B1EF32A8C0064758F /* ImageViewController.java */,
				CC19A69C1EF32A8C0064758F /* MainViewController.java */,
				CC19A69D1EF32A8C0064758F /* MainViewController2.java */,
				CC19A69E1EF32A8C0064758F /* MyAppDelegate.java */,
				CC19A69F1EF32A8C0064758F /* SliderViewController.java */,
			);
			path = j2objc;
			sourceTree = "<group>";
		};
		CC19A6A01EF32A8C0064758F /* org */ = {
			isa = PBXGroup;
			children = (
				CC19A6A11EF32A8C0064758F /* chamomile */,
			);
			path = org;
			sourceTree = "<group>";
		};
		CC19A6A11EF32A8C0064758F /* chamomile */ = {
			isa = PBXGroup;
			children = (
				CC19A6A21EF32A8C0064758F /* ios */,
			);
			path = chamomile;
			sourceTree = "<group>";
		};
		CC19A6A21EF32A8C0064758F /* ios */ = {
			isa = PBXGroup;
			children = (
				CC19A6A31EF32A8C0064758F /* core */,
				CC19A6A81EF32A8C0064758F /* foundation */,
				CC19A6AE1EF32A8C0064758F /* uikit */,
				CC19A6CE1EF32A8C0064758F /* webkit */,
			);
			path = ios;
			sourceTree = "<group>";
		};
		CC19A6A31EF32A8C0064758F /* core */ = {
			isa = PBXGroup;
			children = (
				CC19A6A41EF32A8C0064758F /* graphics */,
			);
			path = core;
			sourceTree = "<group>";
		};
		CC19A6A41EF32A8C0064758F /* graphics */ = {
			isa = PBXGroup;
			children = (
				CC19A6A51EF32A8C0064758F /* CGPoint.java */,
				CC19A6A61EF32A8C0064758F /* CGRect.java */,
				CC19A6A71EF32A8C0064758F /* CGSize.java */,
			);
			path = graphics;
			sourceTree = "<group>";
		};
		CC19A6A81EF32A8C0064758F /* foundation */ = {
			isa = PBXGroup;
			children = (
				CC19A6A91EF32A8C0064758F /* NSError.java */,
				CC19A6AA1EF32A8C0064758F /* NSObject.java */,
				CC19A6AB1EF32A8C0064758F /* NSObjectArray.java */,
				CC19A6AC1EF32A8C0064758F /* NSURL.java */,
				CC19A6AD1EF32A8C0064758F /* NSURLRequest.java */,
			);
			path = foundation;
			sourceTree = "<group>";
		};
		CC19A6AE1EF32A8C0064758F /* uikit */ = {
			isa = PBXGroup;
			children = (
				CC19A6AF1EF32A8C0064758F /* NSLayoutConstraint.java */,
				CC19A6B01EF32A8C0064758F /* NSLayoutConstraintArray.java */,
				CC19A6B11EF32A8C0064758F /* NSLayoutDimension.java */,
				CC19A6B21EF32A8C0064758F /* NSLayoutXAxisAnchor.java */,
				CC19A6B31EF32A8C0064758F /* NSLayoutYAxisAnchor.java */,
				CC19A6B41EF32A8C0064758F /* UIApplication.java */,
				CC19A6B51EF32A8C0064758F /* UIApplicationDelegate.java */,
				CC19A6B61EF32A8C0064758F /* UIButton.java */,
				CC19A6B71EF32A8C0064758F /* UIColor.java */,
				CC19A6B81EF32A8C0064758F /* UIControl.java */,
				CC19A6B91EF32A8C0064758F /* UIControlEvents.java */,
				CC19A6BA1EF32A8C0064758F /* UIControlState.java */,
				CC19A6BB1EF32A8C0064758F /* UIEvent.java */,
				CC19A6BC1EF32A8C0064758F /* UIEventHandler.java */,
				CC19A6BD1EF32A8C0064758F /* UIImage.java */,
				CC19A6BE1EF32A8C0064758F /* UIImageView.java */,
				CC19A6BF1EF32A8C0064758F /* UILabel.java */,
				CC19A6C01EF32A8C0064758F /* UIResponder.java */,
				CC19A6C11EF32A8C0064758F /* UIScreen.java */,
				CC19A6C21EF32A8C0064758F /* UISlider.java */,
				CC19A6C31EF32A8C0064758F /* UIStepper.java */,
				CC19A6C41EF32A8C0064758F /* UISwitch.java */,
				CC19A6C51EF32A8C0064758F /* UITextField.java */,
				CC19A6C61EF32A8C0064758F /* UIView.java */,
				CC19A6C71EF32A8C0064758F /* UIViewArray.java */,
				CC19A6C81EF32A8C0064758F /* UIViewAutoresizing.java */,
				CC19A6C91EF32A8C0064758F /* UIViewContentMode.java */,
				CC19A6CA1EF32A8C0064758F /* UIViewController.java */,
				CC19A6CB1EF32A8C0064758F /* UIViewControllerBase.h */,
				CC19A6CC1EF32A8C0064758F /* UIViewControllerBase.m */,
				CC19A6CD1EF32A8C0064758F /* UIWindow.java */,
			);
			path = uikit;
			sourceTree = "<group>";
		};
		CC19A6CE1EF32A8C0064758F /* webkit */ = {
			isa = PBXGroup;
			children = (
				CC19A6CF1EF32A8C0064758F /* WKFrameInfo.java */,
				CC19A6D01EF32A8C0064758F /* WKNavigation.java */,
				CC19A6D11EF32A8C0064758F /* WKNavigationAction.java */,
				CC19A6D21EF32A8C0064758F /* WKNavigationActionPolicy.java */,
				CC19A6D31EF32A8C0064758F /* WKNavigationDelegate.java */,
				CC19A6D41EF32A8C0064758F /* WKNavigationResponse.java */,
				CC19A6D51EF32A8C0064758F /* WKNavigationResponsePolicy.java */,
				CC19A6D61EF32A8C0064758F /* WKSecurityOrigin.java */,
				CC19A6D71EF32A8C0064758F /* WKUIDelegate.java */,
				CC19A6D81EF32A8C0064758F /* WKWebView.java */,
				CC19A6D91EF32A8C0064758F /* WKWebViewConfiguration.java */,
			);
			path = webkit;
			sourceTree = "<group>";
		};
		CCA16B061EE820AC00E52145 = {
			isa = PBXGroup;
			children = (
				CCA16C0D1EE9186700E52145 /* java */,
				CCA16B111EE820AC00E52145 /* j2objc */,
				CCA66EAB1EF300DF00202AB0 /* resources */,
				CCA16B101EE820AC00E52145 /* Products */,
				CCA16B311EE83FCC00E52145 /* Frameworks */,
			);
			sourceTree = "<group>";
		};
		CCA16B101EE820AC00E52145 /* Products */ = {
			isa = PBXGroup;
			children = (
				CCA16B0F1EE820AC00E52145 /* j2objc.app */,
			);
			name = Products;
			sourceTree = "<group>";
		};
		CCA16B111EE820AC00E52145 /* j2objc */ = {
			isa = PBXGroup;
			children = (
				CCA16B1E1EE820AC00E52145 /* Assets.xcassets */,
				CCA16B231EE820AC00E52145 /* Info.plist */,
				CCA16B121EE820AC00E52145 /* Supporting Files */,
			);
			path = j2objc;
			sourceTree = "<group>";
		};
		CCA16B121EE820AC00E52145 /* Supporting Files */ = {
			isa = PBXGroup;
			children = (
				CCA16B131EE820AC00E52145 /* main.m */,
			);
			name = "Supporting Files";
			sourceTree = "<group>";
		};
		CCA16B311EE83FCC00E52145 /* Frameworks */ = {
			isa = PBXGroup;
			children = (
				CCA16B321EE83FCC00E52145 /* libiconv.tbd */,
			);
			name = Frameworks;
			sourceTree = "<group>";
		};
		CCA16C0D1EE9186700E52145 /* java */ = {
			isa = PBXGroup;
			children = (
				CC19A6991EF32A8C0064758F /* src */,
			);
			name = java;
			sourceTree = "<group>";
		};
		CCA66EAB1EF300DF00202AB0 /* resources */ = {
			isa = PBXGroup;
			children = (
				CCA66F961EF31E9900202AB0 /* images.jpg */,
			);
			name = resources;
			sourceTree = "<group>";
		};
/* End PBXGroup section */

/* Begin PBXNativeTarget section */
		CCA16B0E1EE820AC00E52145 /* j2objc */ = {
			isa = PBXNativeTarget;
			buildConfigurationList = CCA16B261EE820AC00E52145 /* Build configuration list for PBXNativeTarget "j2objc" */;
			buildPhases = (
				CCA16B0B1EE820AC00E52145 /* Sources */,
				CCA16B0C1EE820AC00E52145 /* Frameworks */,
				CCA16B0D1EE820AC00E52145 /* Resources */,
			);
			buildRules = (
				CCA16B291EE82D5100E52145 /* PBXBuildRule */,
			);
			dependencies = (
			);
			name = j2objc;
			productName = j2objc;
			productReference = CCA16B0F1EE820AC00E52145 /* j2objc.app */;
			productType = "com.apple.product-type.application";
		};
/* End PBXNativeTarget section */

/* Begin PBXProject section */
		CCA16B071EE820AC00E52145 /* Project object */ = {
			isa = PBXProject;
			attributes = {
				LastUpgradeCheck = 0830;
				ORGANIZATIONNAME = "VeraCloud Inc";
				TargetAttributes = {
					CCA16B0E1EE820AC00E52145 = {
						CreatedOnToolsVersion = 8.3.2;
						DevelopmentTeam = ME833V5D8D;
						ProvisioningStyle = Automatic;
					};
				};
			};
			buildConfigurationList = CCA16B0A1EE820AC00E52145 /* Build configuration list for PBXProject "j2objc" */;
			compatibilityVersion = "Xcode 3.2";
			developmentRegion = English;
			hasScannedForEncodings = 0;
			knownRegions = (
				en,
				Base,
			);
			mainGroup = CCA16B061EE820AC00E52145;
			productRefGroup = CCA16B101EE820AC00E52145 /* Products */;
			projectDirPath = "";
			projectRoot = "";
			targets = (
				CCA16B0E1EE820AC00E52145 /* j2objc */,
			);
		};
/* End PBXProject section */

/* Begin PBXResourcesBuildPhase section */
		CCA16B0D1EE820AC00E52145 /* Resources */ = {
			isa = PBXResourcesBuildPhase;
			buildActionMask = 2147483647;
			files = (
				CCA16B1F1EE820AC00E52145 /* Assets.xcassets in Resources */,
				CCA66F971EF31E9900202AB0 /* images.jpg in Resources */,
			);
			runOnlyForDeploymentPostprocessing = 0;
		};
/* End PBXResourcesBuildPhase section */

/* Begin PBXSourcesBuildPhase section */
		CCA16B0B1EE820AC00E52145 /* Sources */ = {
			isa = PBXSourcesBuildPhase;
			buildActionMask = 2147483647;
			files = (
				CC19A6FE1EF32A8C0064758F /* UIView.java in Sources */,
				CC19A6FA1EF32A8C0064758F /* UISlider.java in Sources */,
				CC19A70A1EF32A8C0064758F /* WKNavigationResponse.java in Sources */,
				CC19A6DB1EF32A8C0064758F /* MainViewController.java in Sources */,
				CC19A6E21EF32A8C0064758F /* NSError.java in Sources */,
				CC19A6DA1EF32A8C0064758F /* ImageViewController.java in Sources */,
				CC19A6EB1EF32A8C0064758F /* NSLayoutYAxisAnchor.java in Sources */,
				CC19A6DC1EF32A8C0064758F /* MainViewController2.java in Sources */,
				CC19A6E01EF32A8C0064758F /* CGRect.java in Sources */,
				CC19A6DE1EF32A8C0064758F /* SliderViewController.java in Sources */,
				CC19A70F1EF32A8C0064758F /* WKWebViewConfiguration.java in Sources */,
				CC19A6EE1EF32A8C0064758F /* UIButton.java in Sources */,
				CC19A6E61EF32A8C0064758F /* NSURLRequest.java in Sources */,
				CC19A6DF1EF32A8C0064758F /* CGPoint.java in Sources */,
				CC19A6F91EF32A8C0064758F /* UIScreen.java in Sources */,
				CC19A7071EF32A8C0064758F /* WKNavigationAction.java in Sources */,
				CC19A70D1EF32A8C0064758F /* WKUIDelegate.java in Sources */,
				CC19A6F61EF32A8C0064758F /* UIImageView.java in Sources */,
				CC19A6E51EF32A8C0064758F /* NSURL.java in Sources */,
				CC19A6F31EF32A8C0064758F /* UIEvent.java in Sources */,
				CC19A6EA1EF32A8C0064758F /* NSLayoutXAxisAnchor.java in Sources */,
				CC19A6FD1EF32A8C0064758F /* UITextField.java in Sources */,
				CC19A6F41EF32A8C0064758F /* UIEventHandler.java in Sources */,
				CC19A6FC1EF32A8C0064758F /* UISwitch.java in Sources */,
				CC19A7021EF32A8C0064758F /* UIViewController.java in Sources */,
				CC19A6FB1EF32A8C0064758F /* UIStepper.java in Sources */,
				CC19A70E1EF32A8C0064758F /* WKWebView.java in Sources */,
				CC19A7051EF32A8C0064758F /* WKFrameInfo.java in Sources */,
				CC19A6E31EF32A8C0064758F /* NSObject.java in Sources */,
				CC19A7091EF32A8C0064758F /* WKNavigationDelegate.java in Sources */,
				CC19A7041EF32A8C0064758F /* UIWindow.java in Sources */,
				CC19A7031EF32A8C0064758F /* UIViewControllerBase.m in Sources */,
				CC19A6F81EF32A8C0064758F /* UIResponder.java in Sources */,
				CC19A6F11EF32A8C0064758F /* UIControlEvents.java in Sources */,
				CC19A7081EF32A8C0064758F /* WKNavigationActionPolicy.java in Sources */,
				CC19A6EF1EF32A8C0064758F /* UIColor.java in Sources */,
				CC19A6ED1EF32A8C0064758F /* UIApplicationDelegate.java in Sources */,
				CCA16B141EE820AC00E52145 /* main.m in Sources */,
				CC19A6F21EF32A8C0064758F /* UIControlState.java in Sources */,
				CC19A7001EF32A8C0064758F /* UIViewAutoresizing.java in Sources */,
				CC19A6E41EF32A8C0064758F /* NSObjectArray.java in Sources */,
				CC19A6E71EF32A8C0064758F /* NSLayoutConstraint.java in Sources */,
				CC19A7061EF32A8C0064758F /* WKNavigation.java in Sources */,
				CC19A6E11EF32A8C0064758F /* CGSize.java in Sources */,
				CC19A7011EF32A8C0064758F /* UIViewContentMode.java in Sources */,
				CC19A6F71EF32A8C0064758F /* UILabel.java in Sources */,
				CC19A6EC1EF32A8C0064758F /* UIApplication.java in Sources */,
				CC19A6E91EF32A8C0064758F /* NSLayoutDimension.java in Sources */,
				CC19A70B1EF32A8C0064758F /* WKNavigationResponsePolicy.java in Sources */,
				CC19A6F01EF32A8C0064758F /* UIControl.java in Sources */,
				CC19A70C1EF32A8C0064758F /* WKSecurityOrigin.java in Sources */,
				CC19A6FF1EF32A8C0064758F /* UIViewArray.java in Sources */,
				CC19A6DD1EF32A8C0064758F /* MyAppDelegate.java in Sources */,
				CC19A6F51EF32A8C0064758F /* UIImage.java in Sources */,
				CC19A6E81EF32A8C0064758F /* NSLayoutConstraintArray.java in Sources */,
			);
			runOnlyForDeploymentPostprocessing = 0;
		};
/* End PBXSourcesBuildPhase section */

/* Begin XCBuildConfiguration section */
		CCA16B241EE820AC00E52145 /* Debug */ = {
			isa = XCBuildConfiguration;
			buildSettings = {
				ALWAYS_SEARCH_USER_PATHS = NO;
				CLANG_ANALYZER_NONNULL = YES;
				CLANG_ANALYZER_NUMBER_OBJECT_CONVERSION = YES_AGGRESSIVE;
				CLANG_CXX_LANGUAGE_STANDARD = "gnu++0x";
				CLANG_CXX_LIBRARY = "libc++";
				CLANG_ENABLE_MODULES = YES;
				CLANG_ENABLE_OBJC_ARC = YES;
				CLANG_WARN_BOOL_CONVERSION = YES;
				CLANG_WARN_CONSTANT_CONVERSION = YES;
				CLANG_WARN_DIRECT_OBJC_ISA_USAGE = YES_ERROR;
				CLANG_WARN_DOCUMENTATION_COMMENTS = YES;
				CLANG_WARN_EMPTY_BODY = YES;
				CLANG_WARN_ENUM_CONVERSION = YES;
				CLANG_WARN_INFINITE_RECURSION = YES;
				CLANG_WARN_INT_CONVERSION = YES;
				CLANG_WARN_OBJC_ROOT_CLASS = YES_ERROR;
				CLANG_WARN_SUSPICIOUS_MOVE = YES;
				CLANG_WARN_UNREACHABLE_CODE = YES;
				CLANG_WARN__DUPLICATE_METHOD_MATCH = YES;
				"CODE_SIGN_IDENTITY[sdk=iphoneos*]" = "iPhone Developer";
				COPY_PHASE_STRIP = NO;
				DEBUG_INFORMATION_FORMAT = dwarf;
				ENABLE_STRICT_OBJC_MSGSEND = YES;
				ENABLE_TESTABILITY = YES;
				GCC_C_LANGUAGE_STANDARD = gnu99;
				GCC_DYNAMIC_NO_PIC = NO;
				GCC_NO_COMMON_BLOCKS = YES;
				GCC_OPTIMIZATION_LEVEL = 0;
				GCC_PREPROCESSOR_DEFINITIONS = (
					"DEBUG=1",
					"$(inherited)",
				);
				GCC_WARN_64_TO_32_BIT_CONVERSION = YES;
				GCC_WARN_ABOUT_RETURN_TYPE = YES_ERROR;
				GCC_WARN_UNDECLARED_SELECTOR = YES;
				GCC_WARN_UNINITIALIZED_AUTOS = YES_AGGRESSIVE;
				GCC_WARN_UNUSED_FUNCTION = YES;
				GCC_WARN_UNUSED_VARIABLE = YES;
				IPHONEOS_DEPLOYMENT_TARGET = 10.3;
				MTL_ENABLE_DEBUG_INFO = YES;
				ONLY_ACTIVE_ARCH = YES;
				SDKROOT = iphoneos;
				TARGETED_DEVICE_FAMILY = "1,2";
			};
			name = Debug;
		};
		CCA16B251EE820AC00E52145 /* Release */ = {
			isa = XCBuildConfiguration;
			buildSettings = {
				ALWAYS_SEARCH_USER_PATHS = NO;
				CLANG_ANALYZER_NONNULL = YES;
				CLANG_ANALYZER_NUMBER_OBJECT_CONVERSION = YES_AGGRESSIVE;
				CLANG_CXX_LANGUAGE_STANDARD = "gnu++0x";
				CLANG_CXX_LIBRARY = "libc++";
				CLANG_ENABLE_MODULES = YES;
				CLANG_ENABLE_OBJC_ARC = YES;
				CLANG_WARN_BOOL_CONVERSION = YES;
				CLANG_WARN_CONSTANT_CONVERSION = YES;
				CLANG_WARN_DIRECT_OBJC_ISA_USAGE = YES_ERROR;
				CLANG_WARN_DOCUMENTATION_COMMENTS = YES;
				CLANG_WARN_EMPTY_BODY = YES;
				CLANG_WARN_ENUM_CONVERSION = YES;
				CLANG_WARN_INFINITE_RECURSION = YES;
				CLANG_WARN_INT_CONVERSION = YES;
				CLANG_WARN_OBJC_ROOT_CLASS = YES_ERROR;
				CLANG_WARN_SUSPICIOUS_MOVE = YES;
				CLANG_WARN_UNREACHABLE_CODE = YES;
				CLANG_WARN__DUPLICATE_METHOD_MATCH = YES;
				"CODE_SIGN_IDENTITY[sdk=iphoneos*]" = "iPhone Developer";
				COPY_PHASE_STRIP = NO;
				DEBUG_INFORMATION_FORMAT = "dwarf-with-dsym";
				ENABLE_NS_ASSERTIONS = NO;
				ENABLE_STRICT_OBJC_MSGSEND = YES;
				GCC_C_LANGUAGE_STANDARD = gnu99;
				GCC_NO_COMMON_BLOCKS = YES;
				GCC_WARN_64_TO_32_BIT_CONVERSION = YES;
				GCC_WARN_ABOUT_RETURN_TYPE = YES_ERROR;
				GCC_WARN_UNDECLARED_SELECTOR = YES;
				GCC_WARN_UNINITIALIZED_AUTOS = YES_AGGRESSIVE;
				GCC_WARN_UNUSED_FUNCTION = YES;
				GCC_WARN_UNUSED_VARIABLE = YES;
				IPHONEOS_DEPLOYMENT_TARGET = 10.3;
				MTL_ENABLE_DEBUG_INFO = NO;
				SDKROOT = iphoneos;
				TARGETED_DEVICE_FAMILY = "1,2";
				VALIDATE_PRODUCT = YES;
			};
			name = Release;
		};
		CCA16B271EE820AC00E52145 /* Debug */ = {
			isa = XCBuildConfiguration;
			buildSettings = {
				ASSETCATALOG_COMPILER_APPICON_NAME = AppIcon;
				CLANG_ENABLE_OBJC_ARC = NO;
				"CODE_SIGN_IDENTITY[sdk=iphoneos*]" = "iPhone Developer";
				DEVELOPMENT_TEAM = ME833V5D8D;
				FRAMEWORK_SEARCH_PATHS = "${J2OBJC_HOME}/frameworks";
				HEADER_SEARCH_PATHS = "";
				INFOPLIST_FILE = j2objc/Info.plist;
				J2OBJC_HOME = "/Users/ggeorg/Applications/j2objc-2.0";
				LD_RUNPATH_SEARCH_PATHS = "$(inherited) @executable_path/Frameworks";
				LIBRARY_SEARCH_PATHS = "${J2OBJC_HOME}/lib";
				OTHER_LDFLAGS = "-ljre_emul";
				PRODUCT_BUNDLE_IDENTIFIER = VeraCloud.j2objc;
				PRODUCT_NAME = "$(TARGET_NAME)";
				PROVISIONING_PROFILE = "";
				PROVISIONING_PROFILE_SPECIFIER = "";
				USER_HEADER_SEARCH_PATHS = "${J2OBJC_HOME}/include ${DERIVED_FILES_DIR}";
			};
			name = Debug;
		};
		CCA16B281EE820AC00E52145 /* Release */ = {
			isa = XCBuildConfiguration;
			buildSettings = {
				ASSETCATALOG_COMPILER_APPICON_NAME = AppIcon;
				CLANG_ENABLE_OBJC_ARC = NO;
				"CODE_SIGN_IDENTITY[sdk=iphoneos*]" = "iPhone Developer";
				DEVELOPMENT_TEAM = ME833V5D8D;
				FRAMEWORK_SEARCH_PATHS = "${J2OBJC_HOME}/frameworks";
				HEADER_SEARCH_PATHS = "";
				INFOPLIST_FILE = j2objc/Info.plist;
				J2OBJC_HOME = "/Users/ggeorg/Applications/j2objc-2.0";
				LD_RUNPATH_SEARCH_PATHS = "$(inherited) @executable_path/Frameworks";
				LIBRARY_SEARCH_PATHS = "${J2OBJC_HOME}/lib";
				OTHER_LDFLAGS = "-ljre_emul";
				PRODUCT_BUNDLE_IDENTIFIER = VeraCloud.j2objc;
				PRODUCT_NAME = "$(TARGET_NAME)";
				PROVISIONING_PROFILE = "";
				PROVISIONING_PROFILE_SPECIFIER = "";
				USER_HEADER_SEARCH_PATHS = "${J2OBJC_HOME}/include ${DERIVED_FILES_DIR}";
			};
			name = Release;
		};
/* End XCBuildConfiguration section */

/* Begin XCConfigurationList section */
		CCA16B0A1EE820AC00E52145 /* Build configuration list for PBXProject "j2objc" */ = {
			isa = XCConfigurationList;
			buildConfigurations = (
				CCA16B241EE820AC00E52145 /* Debug */,
				CCA16B251EE820AC00E52145 /* Release */,
			);
			defaultConfigurationIsVisible = 0;
			defaultConfigurationName = Release;
		};
		CCA16B261EE820AC00E52145 /* Build configuration list for PBXNativeTarget "j2objc" */ = {
			isa = XCConfigurationList;
			buildConfigurations = (
				CCA16B271EE820AC00E52145 /* Debug */,
				CCA16B281EE820AC00E52145 /* Release */,
			);
			defaultConfigurationIsVisible = 0;
			defaultConfigurationName = Release;
		};
/* End XCConfigurationList section */
	};
	rootObject = CCA16B071EE820AC00E52145 /* Project object */;
}
